// !$*UTF8*$!
{
	archiveVersion = 1;
	classes = {
	};
	objectVersion = 46;
	objects = {

/* Begin PBXBuildFile section */
		1D3623260D0F684500981E51 /* MapShopAppDelegate.m in Sources */ = {isa = PBXBuildFile; fileRef = 1D3623250D0F684500981E51 /* MapShopAppDelegate.m */; };
		1D60589B0D05DD56006BFB54 /* main.m in Sources */ = {isa = PBXBuildFile; fileRef = 29B97316FDCFA39411CA2CEA /* main.m */; };
		1D60589F0D05DD5A006BFB54 /* Foundation.framework in Frameworks */ = {isa = PBXBuildFile; fileRef = 1D30AB110D05D00D00671497 /* Foundation.framework */; };
		1DF5F4E00D08C38300B7A737 /* UIKit.framework in Frameworks */ = {isa = PBXBuildFile; fileRef = 1DF5F4DF0D08C38300B7A737 /* UIKit.framework */; };
		28193060112F816700ECF9B4 /* MapShop.xcdatamodeld in Sources */ = {isa = PBXBuildFile; fileRef = 2819305F112F816700ECF9B4 /* MapShop.xcdatamodeld */; };
		288765A50DF7441C002DB57D /* CoreGraphics.framework in Frameworks */ = {isa = PBXBuildFile; fileRef = 288765A40DF7441C002DB57D /* CoreGraphics.framework */; };
		28AD733F0D9D9553002E5188 /* MainWindow.xib in Resources */ = {isa = PBXBuildFile; fileRef = 28AD733E0D9D9553002E5188 /* MainWindow.xib */; };
		28D801B40F44B63D00FB423F /* CoreData.framework in Frameworks */ = {isa = PBXBuildFile; fileRef = 28D801B30F44B63D00FB423F /* CoreData.framework */; };
		B25B364D12E4544800F15585 /* RootViewController.m in Sources */ = {isa = PBXBuildFile; fileRef = B25B364B12E4544800F15585 /* RootViewController.m */; };
		B25B364E12E4544800F15585 /* RootViewController.xib in Resources */ = {isa = PBXBuildFile; fileRef = B25B364C12E4544800F15585 /* RootViewController.xib */; };
		B25B37C312E46B2B00F15585 /* AddRegionController.m in Sources */ = {isa = PBXBuildFile; fileRef = B25B37C112E46B2B00F15585 /* AddRegionController.m */; };
		B25B37C412E46B2B00F15585 /* AddRegionController.xib in Resources */ = {isa = PBXBuildFile; fileRef = B25B37C212E46B2B00F15585 /* AddRegionController.xib */; };
		B25B3B5B12E604F900F15585 /* CitiesViewController.m in Sources */ = {isa = PBXBuildFile; fileRef = B25B3B5912E604F900F15585 /* CitiesViewController.m */; };
		B25B3B5C12E604F900F15585 /* CitiesViewController.xib in Resources */ = {isa = PBXBuildFile; fileRef = B25B3B5A12E604F900F15585 /* CitiesViewController.xib */; };
		B25B3B7912E6070400F15585 /* Settings.bundle in Resources */ = {isa = PBXBuildFile; fileRef = B25B3B7812E6070400F15585 /* Settings.bundle */; };
		B25B3E3812E6481F00F15585 /* regions.m in Sources */ = {isa = PBXBuildFile; fileRef = B25B3E3512E6481F00F15585 /* regions.m */; };
		B25B3E3912E6481F00F15585 /* cities.m in Sources */ = {isa = PBXBuildFile; fileRef = B25B3E3712E6481F00F15585 /* cities.m */; };
		B29E096812E7200C00835600 /* AreasViewController.m in Sources */ = {isa = PBXBuildFile; fileRef = B29E096612E7200C00835600 /* AreasViewController.m */; };
		B29E096912E7200C00835600 /* AreasViewController.xib in Resources */ = {isa = PBXBuildFile; fileRef = B29E096712E7200C00835600 /* AreasViewController.xib */; };
		B29E096C12E721A700835600 /* Area.m in Sources */ = {isa = PBXBuildFile; fileRef = B29E096B12E721A700835600 /* Area.m */; };
		B29E09A712E7246400835600 /* ShopsViewController.m in Sources */ = {isa = PBXBuildFile; fileRef = B29E09A512E7246400835600 /* ShopsViewController.m */; };
		B29E09A812E7246400835600 /* ShopsViewController.xib in Resources */ = {isa = PBXBuildFile; fileRef = B29E09A612E7246400835600 /* ShopsViewController.xib */; };
		B29E0A3D12E7441C00835600 /* ShopDetailedViewController.m in Sources */ = {isa = PBXBuildFile; fileRef = B29E0A3B12E7441C00835600 /* ShopDetailedViewController.m */; };
		B29E0A3E12E7441C00835600 /* ShopDetailedViewController.xib in Resources */ = {isa = PBXBuildFile; fileRef = B29E0A3C12E7441C00835600 /* ShopDetailedViewController.xib */; };
		B29E213812E8583D00835600 /* CFNetwork.framework in Frameworks */ = {isa = PBXBuildFile; fileRef = B29E213712E8583D00835600 /* CFNetwork.framework */; };
		B29E213C12E8584800835600 /* SystemConfiguration.framework in Frameworks */ = {isa = PBXBuildFile; fileRef = B29E213B12E8584800835600 /* SystemConfiguration.framework */; };
		B29E21B612E8640F00835600 /* ShopPointsViewController.m in Sources */ = {isa = PBXBuildFile; fileRef = B29E21B412E8640F00835600 /* ShopPointsViewController.m */; };
		B29E21B712E8640F00835600 /* ShopPointsViewController.xib in Resources */ = {isa = PBXBuildFile; fileRef = B29E21B512E8640F00835600 /* ShopPointsViewController.xib */; };
		B29E21BB12E8643D00835600 /* ShopCategoriesViewController.m in Sources */ = {isa = PBXBuildFile; fileRef = B29E21B912E8643D00835600 /* ShopCategoriesViewController.m */; };
		B29E21BC12E8643D00835600 /* ShopCategoriesViewController.xib in Resources */ = {isa = PBXBuildFile; fileRef = B29E21BA12E8643D00835600 /* ShopCategoriesViewController.xib */; };
		B29E21E612E86BF000835600 /* Category.m in Sources */ = {isa = PBXBuildFile; fileRef = B29E21E412E86BF000835600 /* Category.m */; };
		B29E247912E9990300835600 /* AddPointViewController.m in Sources */ = {isa = PBXBuildFile; fileRef = B29E247712E9990300835600 /* AddPointViewController.m */; };
		B29E247A12E9990300835600 /* AddPointViewController.xib in Resources */ = {isa = PBXBuildFile; fileRef = B29E247812E9990300835600 /* AddPointViewController.xib */; };
		B29E24C312E9AD9600835600 /* Shop.m in Sources */ = {isa = PBXBuildFile; fileRef = B29E24C012E9AD9600835600 /* Shop.m */; };
		B29E259B12E9B9E200835600 /* CoreLocation.framework in Frameworks */ = {isa = PBXBuildFile; fileRef = B29E259A12E9B9E200835600 /* CoreLocation.framework */; };
		B29E25CD12E9BA8B00835600 /* SPoint.m in Sources */ = {isa = PBXBuildFile; fileRef = B29E25CC12E9BA8B00835600 /* SPoint.m */; };
/* End PBXBuildFile section */

/* Begin PBXFileReference section */
		1D30AB110D05D00D00671497 /* Foundation.framework */ = {isa = PBXFileReference; lastKnownFileType = wrapper.framework; name = Foundation.framework; path = System/Library/Frameworks/Foundation.framework; sourceTree = SDKROOT; };
		1D3623240D0F684500981E51 /* MapShopAppDelegate.h */ = {isa = PBXFileReference; fileEncoding = 4; lastKnownFileType = sourcecode.c.h; path = MapShopAppDelegate.h; sourceTree = "<group>"; };
		1D3623250D0F684500981E51 /* MapShopAppDelegate.m */ = {isa = PBXFileReference; fileEncoding = 4; lastKnownFileType = sourcecode.c.objc; path = MapShopAppDelegate.m; sourceTree = "<group>"; };
		1D6058910D05DD3D006BFB54 /* MapShop.app */ = {isa = PBXFileReference; explicitFileType = wrapper.application; includeInIndex = 0; path = MapShop.app; sourceTree = BUILT_PRODUCTS_DIR; };
		1DF5F4DF0D08C38300B7A737 /* UIKit.framework */ = {isa = PBXFileReference; lastKnownFileType = wrapper.framework; name = UIKit.framework; path = System/Library/Frameworks/UIKit.framework; sourceTree = SDKROOT; };
		288765A40DF7441C002DB57D /* CoreGraphics.framework */ = {isa = PBXFileReference; lastKnownFileType = wrapper.framework; name = CoreGraphics.framework; path = System/Library/Frameworks/CoreGraphics.framework; sourceTree = SDKROOT; };
		28AD733E0D9D9553002E5188 /* MainWindow.xib */ = {isa = PBXFileReference; lastKnownFileType = file.xib; path = MainWindow.xib; sourceTree = "<group>"; };
		28C3AD890F43EF2300507BA6 /* MapShop.xcdatamodel */ = {isa = PBXFileReference; fileEncoding = 4; lastKnownFileType = wrapper.xcdatamodel; path = MapShop.xcdatamodel; sourceTree = "<group>"; };
		28D801B30F44B63D00FB423F /* CoreData.framework */ = {isa = PBXFileReference; lastKnownFileType = wrapper.framework; name = CoreData.framework; path = System/Library/Frameworks/CoreData.framework; sourceTree = SDKROOT; };
		29B97316FDCFA39411CA2CEA /* main.m */ = {isa = PBXFileReference; fileEncoding = 4; lastKnownFileType = sourcecode.c.objc; path = main.m; sourceTree = "<group>"; };
		32CA4F630368D1EE00C91783 /* MapShop_Prefix.pch */ = {isa = PBXFileReference; fileEncoding = 4; lastKnownFileType = sourcecode.c.h; path = MapShop_Prefix.pch; sourceTree = "<group>"; };
		8D1107310486CEB800E47090 /* MapShop-Info.plist */ = {isa = PBXFileReference; fileEncoding = 4; lastKnownFileType = text.plist.xml; path = "MapShop-Info.plist"; plistStructureDefinitionIdentifier = "com.apple.xcode.plist.structure-definition.iphone.info-plist"; sourceTree = "<group>"; };
		B25B364A12E4544800F15585 /* RootViewController.h */ = {isa = PBXFileReference; fileEncoding = 4; lastKnownFileType = sourcecode.c.h; path = RootViewController.h; sourceTree = "<group>"; };
		B25B364B12E4544800F15585 /* RootViewController.m */ = {isa = PBXFileReference; fileEncoding = 4; lastKnownFileType = sourcecode.c.objc; path = RootViewController.m; sourceTree = "<group>"; };
		B25B364C12E4544800F15585 /* RootViewController.xib */ = {isa = PBXFileReference; lastKnownFileType = file.xib; name = RootViewController.xib; path = Classes/RootViewController.xib; sourceTree = "<group>"; };
		B25B37C012E46B2B00F15585 /* AddRegionController.h */ = {isa = PBXFileReference; fileEncoding = 4; lastKnownFileType = sourcecode.c.h; path = AddRegionController.h; sourceTree = "<group>"; };
		B25B37C112E46B2B00F15585 /* AddRegionController.m */ = {isa = PBXFileReference; fileEncoding = 4; lastKnownFileType = sourcecode.c.objc; path = AddRegionController.m; sourceTree = "<group>"; };
		B25B37C212E46B2B00F15585 /* AddRegionController.xib */ = {isa = PBXFileReference; lastKnownFileType = file.xib; name = AddRegionController.xib; path = Classes/AddRegionController.xib; sourceTree = "<group>"; };
		B25B3B5812E604F900F15585 /* CitiesViewController.h */ = {isa = PBXFileReference; fileEncoding = 4; lastKnownFileType = sourcecode.c.h; path = CitiesViewController.h; sourceTree = "<group>"; };
		B25B3B5912E604F900F15585 /* CitiesViewController.m */ = {isa = PBXFileReference; fileEncoding = 4; lastKnownFileType = sourcecode.c.objc; path = CitiesViewController.m; sourceTree = "<group>"; };
		B25B3B5A12E604F900F15585 /* CitiesViewController.xib */ = {isa = PBXFileReference; lastKnownFileType = file.xib; name = CitiesViewController.xib; path = Classes/CitiesViewController.xib; sourceTree = "<group>"; };
		B25B3B7812E6070400F15585 /* Settings.bundle */ = {isa = PBXFileReference; lastKnownFileType = "wrapper.plug-in"; path = Settings.bundle; sourceTree = "<group>"; };
		B25B3E3412E6481F00F15585 /* regions.h */ = {isa = PBXFileReference; fileEncoding = 4; lastKnownFileType = sourcecode.c.h; path = regions.h; sourceTree = "<group>"; };
		B25B3E3512E6481F00F15585 /* regions.m */ = {isa = PBXFileReference; fileEncoding = 4; lastKnownFileType = sourcecode.c.objc; path = regions.m; sourceTree = "<group>"; };
		B25B3E3612E6481F00F15585 /* cities.h */ = {isa = PBXFileReference; fileEncoding = 4; lastKnownFileType = sourcecode.c.h; path = cities.h; sourceTree = "<group>"; };
		B25B3E3712E6481F00F15585 /* cities.m */ = {isa = PBXFileReference; fileEncoding = 4; lastKnownFileType = sourcecode.c.objc; path = cities.m; sourceTree = "<group>"; };
		B29E096512E7200C00835600 /* AreasViewController.h */ = {isa = PBXFileReference; fileEncoding = 4; lastKnownFileType = sourcecode.c.h; path = AreasViewController.h; sourceTree = "<group>"; };
		B29E096612E7200C00835600 /* AreasViewController.m */ = {isa = PBXFileReference; fileEncoding = 4; lastKnownFileType = sourcecode.c.objc; path = AreasViewController.m; sourceTree = "<group>"; };
		B29E096712E7200C00835600 /* AreasViewController.xib */ = {isa = PBXFileReference; lastKnownFileType = file.xib; name = AreasViewController.xib; path = Classes/AreasViewController.xib; sourceTree = "<group>"; };
		B29E096A12E721A700835600 /* Area.h */ = {isa = PBXFileReference; fileEncoding = 4; lastKnownFileType = sourcecode.c.h; path = Area.h; sourceTree = "<group>"; };
		B29E096B12E721A700835600 /* Area.m */ = {isa = PBXFileReference; fileEncoding = 4; lastKnownFileType = sourcecode.c.objc; path = Area.m; sourceTree = "<group>"; };
		B29E09A412E7246400835600 /* ShopsViewController.h */ = {isa = PBXFileReference; fileEncoding = 4; lastKnownFileType = sourcecode.c.h; path = ShopsViewController.h; sourceTree = "<group>"; };
		B29E09A512E7246400835600 /* ShopsViewController.m */ = {isa = PBXFileReference; fileEncoding = 4; lastKnownFileType = sourcecode.c.objc; path = ShopsViewController.m; sourceTree = "<group>"; };
		B29E09A612E7246400835600 /* ShopsViewController.xib */ = {isa = PBXFileReference; lastKnownFileType = file.xib; name = ShopsViewController.xib; path = Classes/ShopsViewController.xib; sourceTree = "<group>"; };
		B29E0A3A12E7441C00835600 /* ShopDetailedViewController.h */ = {isa = PBXFileReference; fileEncoding = 4; lastKnownFileType = sourcecode.c.h; path = ShopDetailedViewController.h; sourceTree = "<group>"; };
		B29E0A3B12E7441C00835600 /* ShopDetailedViewController.m */ = {isa = PBXFileReference; fileEncoding = 4; lastKnownFileType = sourcecode.c.objc; path = ShopDetailedViewController.m; sourceTree = "<group>"; };
		B29E0A3C12E7441C00835600 /* ShopDetailedViewController.xib */ = {isa = PBXFileReference; lastKnownFileType = file.xib; name = ShopDetailedViewController.xib; path = Classes/ShopDetailedViewController.xib; sourceTree = "<group>"; };
		B29E213712E8583D00835600 /* CFNetwork.framework */ = {isa = PBXFileReference; lastKnownFileType = wrapper.framework; name = CFNetwork.framework; path = System/Library/Frameworks/CFNetwork.framework; sourceTree = SDKROOT; };
		B29E213B12E8584800835600 /* SystemConfiguration.framework */ = {isa = PBXFileReference; lastKnownFileType = wrapper.framework; name = SystemConfiguration.framework; path = System/Library/Frameworks/SystemConfiguration.framework; sourceTree = SDKROOT; };
		B29E218312E85ABC00835600 /* MapShopIPad.app */ = {isa = PBXFileReference; explicitFileType = wrapper.application; includeInIndex = 0; path = MapShopIPad.app; sourceTree = BUILT_PRODUCTS_DIR; };
		B29E218512E85ABD00835600 /* MapShopIPad-Info.plist */ = {isa = PBXFileReference; lastKnownFileType = text.plist.xml; path = "MapShopIPad-Info.plist"; sourceTree = "<group>"; };
		B29E21B312E8640F00835600 /* ShopPointsViewController.h */ = {isa = PBXFileReference; fileEncoding = 4; lastKnownFileType = sourcecode.c.h; path = ShopPointsViewController.h; sourceTree = "<group>"; };
		B29E21B412E8640F00835600 /* ShopPointsViewController.m */ = {isa = PBXFileReference; fileEncoding = 4; lastKnownFileType = sourcecode.c.objc; path = ShopPointsViewController.m; sourceTree = "<group>"; };
		B29E21B512E8640F00835600 /* ShopPointsViewController.xib */ = {isa = PBXFileReference; lastKnownFileType = file.xib; name = ShopPointsViewController.xib; path = Classes/ShopPointsViewController.xib; sourceTree = "<group>"; };
		B29E21B812E8643D00835600 /* ShopCategoriesViewController.h */ = {isa = PBXFileReference; fileEncoding = 4; lastKnownFileType = sourcecode.c.h; path = ShopCategoriesViewController.h; sourceTree = "<group>"; };
		B29E21B912E8643D00835600 /* ShopCategoriesViewController.m */ = {isa = PBXFileReference; fileEncoding = 4; lastKnownFileType = sourcecode.c.objc; path = ShopCategoriesViewController.m; sourceTree = "<group>"; };
		B29E21BA12E8643D00835600 /* ShopCategoriesViewController.xib */ = {isa = PBXFileReference; lastKnownFileType = file.xib; name = ShopCategoriesViewController.xib; path = Classes/ShopCategoriesViewController.xib; sourceTree = "<group>"; };
		B29E21E312E86BF000835600 /* Category.h */ = {isa = PBXFileReference; fileEncoding = 4; lastKnownFileType = sourcecode.c.h; path = Category.h; sourceTree = "<group>"; };
		B29E21E412E86BF000835600 /* Category.m */ = {isa = PBXFileReference; fileEncoding = 4; lastKnownFileType = sourcecode.c.objc; path = Category.m; sourceTree = "<group>"; };
		B29E247612E9990300835600 /* AddPointViewController.h */ = {isa = PBXFileReference; fileEncoding = 4; lastKnownFileType = sourcecode.c.h; path = AddPointViewController.h; sourceTree = "<group>"; };
		B29E247712E9990300835600 /* AddPointViewController.m */ = {isa = PBXFileReference; fileEncoding = 4; lastKnownFileType = sourcecode.c.objc; path = AddPointViewController.m; sourceTree = "<group>"; };
		B29E247812E9990300835600 /* AddPointViewController.xib */ = {isa = PBXFileReference; lastKnownFileType = file.xib; name = AddPointViewController.xib; path = Classes/AddPointViewController.xib; sourceTree = "<group>"; };
		B29E24BF12E9AD9600835600 /* Shop.h */ = {isa = PBXFileReference; fileEncoding = 4; lastKnownFileType = sourcecode.c.h; path = Shop.h; sourceTree = "<group>"; };
		B29E24C012E9AD9600835600 /* Shop.m */ = {isa = PBXFileReference; fileEncoding = 4; lastKnownFileType = sourcecode.c.objc; path = Shop.m; sourceTree = "<group>"; };
		B29E259A12E9B9E200835600 /* CoreLocation.framework */ = {isa = PBXFileReference; lastKnownFileType = wrapper.framework; name = CoreLocation.framework; path = System/Library/Frameworks/CoreLocation.framework; sourceTree = SDKROOT; };
		B29E25CB12E9BA8B00835600 /* SPoint.h */ = {isa = PBXFileReference; fileEncoding = 4; lastKnownFileType = sourcecode.c.h; path = SPoint.h; sourceTree = "<group>"; };
		B29E25CC12E9BA8B00835600 /* SPoint.m */ = {isa = PBXFileReference; fileEncoding = 4; lastKnownFileType = sourcecode.c.objc; path = SPoint.m; sourceTree = "<group>"; };
/* End PBXFileReference section */

/* Begin PBXFrameworksBuildPhase section */
		1D60588F0D05DD3D006BFB54 /* Frameworks */ = {
			isa = PBXFrameworksBuildPhase;
			buildActionMask = 2147483647;
			files = (
				1D60589F0D05DD5A006BFB54 /* Foundation.framework in Frameworks */,
				1DF5F4E00D08C38300B7A737 /* UIKit.framework in Frameworks */,
				288765A50DF7441C002DB57D /* CoreGraphics.framework in Frameworks */,
				28D801B40F44B63D00FB423F /* CoreData.framework in Frameworks */,
				B29E213812E8583D00835600 /* CFNetwork.framework in Frameworks */,
				B29E213C12E8584800835600 /* SystemConfiguration.framework in Frameworks */,
				B29E259B12E9B9E200835600 /* CoreLocation.framework in Frameworks */,
			);
			runOnlyForDeploymentPostprocessing = 0;
		};
		B29E218112E85ABC00835600 /* Frameworks */ = {
			isa = PBXFrameworksBuildPhase;
			buildActionMask = 2147483647;
			files = (
			);
			runOnlyForDeploymentPostprocessing = 0;
		};
/* End PBXFrameworksBuildPhase section */

/* Begin PBXGroup section */
		080E96DDFE201D6D7F000001 /* Classes */ = {
			isa = PBXGroup;
			children = (
				1D3623240D0F684500981E51 /* MapShopAppDelegate.h */,
				1D3623250D0F684500981E51 /* MapShopAppDelegate.m */,
				B25B364A12E4544800F15585 /* RootViewController.h */,
				B25B364B12E4544800F15585 /* RootViewController.m */,
				B25B37C012E46B2B00F15585 /* AddRegionController.h */,
				B25B37C112E46B2B00F15585 /* AddRegionController.m */,
				B25B3B5812E604F900F15585 /* CitiesViewController.h */,
				B25B3B5912E604F900F15585 /* CitiesViewController.m */,
				B29E096512E7200C00835600 /* AreasViewController.h */,
				B29E096612E7200C00835600 /* AreasViewController.m */,
				B29E09A412E7246400835600 /* ShopsViewController.h */,
				B29E09A512E7246400835600 /* ShopsViewController.m */,
				B29E0A3A12E7441C00835600 /* ShopDetailedViewController.h */,
				B29E0A3B12E7441C00835600 /* ShopDetailedViewController.m */,
				B29E21B312E8640F00835600 /* ShopPointsViewController.h */,
				B29E21B412E8640F00835600 /* ShopPointsViewController.m */,
				B29E21B812E8643D00835600 /* ShopCategoriesViewController.h */,
				B29E21B912E8643D00835600 /* ShopCategoriesViewController.m */,
				B29E247612E9990300835600 /* AddPointViewController.h */,
				B29E247712E9990300835600 /* AddPointViewController.m */,
			);
			path = Classes;
			sourceTree = "<group>";
		};
		19C28FACFE9D520D11CA2CBB /* Products */ = {
			isa = PBXGroup;
			children = (
				1D6058910D05DD3D006BFB54 /* MapShop.app */,
				B29E218312E85ABC00835600 /* MapShopIPad.app */,
			);
			name = Products;
			sourceTree = "<group>";
		};
		29B97314FDCFA39411CA2CEA /* CustomTemplate */ = {
			isa = PBXGroup;
			children = (
				B25B37BD12E46ACD00F15585 /* Models */,
				080E96DDFE201D6D7F000001 /* Classes */,
				29B97315FDCFA39411CA2CEA /* Other Sources */,
				29B97317FDCFA39411CA2CEA /* Resources */,
				B29E218912E85AC400835600 /* Resources-iPad */,
				29B97323FDCFA39411CA2CEA /* Frameworks */,
				19C28FACFE9D520D11CA2CBB /* Products */,
				B29E218512E85ABD00835600 /* MapShopIPad-Info.plist */,
				B29E259A12E9B9E200835600 /* CoreLocation.framework */,
			);
			name = CustomTemplate;
			sourceTree = "<group>";
		};
		29B97315FDCFA39411CA2CEA /* Other Sources */ = {
			isa = PBXGroup;
			children = (
				32CA4F630368D1EE00C91783 /* MapShop_Prefix.pch */,
				29B97316FDCFA39411CA2CEA /* main.m */,
			);
			name = "Other Sources";
			sourceTree = "<group>";
		};
		29B97317FDCFA39411CA2CEA /* Resources */ = {
			isa = PBXGroup;
			children = (
				B29E247812E9990300835600 /* AddPointViewController.xib */,
				B29E21BA12E8643D00835600 /* ShopCategoriesViewController.xib */,
				B29E21B512E8640F00835600 /* ShopPointsViewController.xib */,
				B29E0A3C12E7441C00835600 /* ShopDetailedViewController.xib */,
				B29E09A612E7246400835600 /* ShopsViewController.xib */,
				B29E096712E7200C00835600 /* AreasViewController.xib */,
				B25B3B5A12E604F900F15585 /* CitiesViewController.xib */,
				B25B37C212E46B2B00F15585 /* AddRegionController.xib */,
				B25B364C12E4544800F15585 /* RootViewController.xib */,
				28AD733E0D9D9553002E5188 /* MainWindow.xib */,
				8D1107310486CEB800E47090 /* MapShop-Info.plist */,
				B25B3B7812E6070400F15585 /* Settings.bundle */,
			);
			name = Resources;
			sourceTree = "<group>";
		};
		29B97323FDCFA39411CA2CEA /* Frameworks */ = {
			isa = PBXGroup;
			children = (
				1DF5F4DF0D08C38300B7A737 /* UIKit.framework */,
				1D30AB110D05D00D00671497 /* Foundation.framework */,
				288765A40DF7441C002DB57D /* CoreGraphics.framework */,
				28D801B30F44B63D00FB423F /* CoreData.framework */,
				B29E213712E8583D00835600 /* CFNetwork.framework */,
				B29E213B12E8584800835600 /* SystemConfiguration.framework */,
			);
			name = Frameworks;
			sourceTree = "<group>";
		};
		B25B37BD12E46ACD00F15585 /* Models */ = {
			isa = PBXGroup;
			children = (
				2819305F112F816700ECF9B4 /* MapShop.xcdatamodeld */,
			);
			name = Models;
			sourceTree = "<group>";
		};
		B29E218912E85AC400835600 /* Resources-iPad */ = {
			isa = PBXGroup;
			children = (
			);
			name = "Resources-iPad";
			sourceTree = "<group>";
		};
/* End PBXGroup section */

/* Begin PBXNativeTarget section */
		1D6058900D05DD3D006BFB54 /* MapShop */ = {
			isa = PBXNativeTarget;
			buildConfigurationList = 1D6058960D05DD3E006BFB54 /* Build configuration list for PBXNativeTarget "MapShop" */;
			buildPhases = (
				1D60588D0D05DD3D006BFB54 /* Resources */,
				1D60588E0D05DD3D006BFB54 /* Sources */,
				1D60588F0D05DD3D006BFB54 /* Frameworks */,
			);
			buildRules = (
			);
			dependencies = (
			);
			name = MapShop;
			productName = MapShop;
			productReference = 1D6058910D05DD3D006BFB54 /* MapShop.app */;
			productType = "com.apple.product-type.application";
		};
		B29E218212E85ABC00835600 /* MapShopIPad */ = {
			isa = PBXNativeTarget;
			buildConfigurationList = B29E218812E85ABD00835600 /* Build configuration list for PBXNativeTarget "MapShopIPad" */;
			buildPhases = (
				B29E217F12E85ABC00835600 /* Resources */,
				B29E218012E85ABC00835600 /* Sources */,
				B29E218112E85ABC00835600 /* Frameworks */,
			);
			buildRules = (
			);
			dependencies = (
			);
			name = MapShopIPad;
			productName = MapShopIPad;
			productReference = B29E218312E85ABC00835600 /* MapShopIPad.app */;
			productType = "com.apple.product-type.application";
		};
/* End PBXNativeTarget section */

/* Begin PBXProject section */
		29B97313FDCFA39411CA2CEA /* Project object */ = {
			isa = PBXProject;
			buildConfigurationList = C01FCF4E08A954540054247B /* Build configuration list for PBXProject "MapShop" */;
			compatibilityVersion = "Xcode 3.2";
			developmentRegion = English;
			hasScannedForEncodings = 1;
			knownRegions = (
				English,
				Japanese,
				French,
				German,
			);
			mainGroup = 29B97314FDCFA39411CA2CEA /* CustomTemplate */;
			projectDirPath = "";
			projectRoot = "";
			targets = (
				1D6058900D05DD3D006BFB54 /* MapShop */,
				B29E218212E85ABC00835600 /* MapShopIPad */,
			);
		};
/* End PBXProject section */

/* Begin PBXResourcesBuildPhase section */
		1D60588D0D05DD3D006BFB54 /* Resources */ = {
			isa = PBXResourcesBuildPhase;
			buildActionMask = 2147483647;
			files = (
				28AD733F0D9D9553002E5188 /* MainWindow.xib in Resources */,
				B25B364E12E4544800F15585 /* RootViewController.xib in Resources */,
				B25B37C412E46B2B00F15585 /* AddRegionController.xib in Resources */,
				B25B3B5C12E604F900F15585 /* CitiesViewController.xib in Resources */,
				B25B3B7912E6070400F15585 /* Settings.bundle in Resources */,
				B29E096912E7200C00835600 /* AreasViewController.xib in Resources */,
				B29E09A812E7246400835600 /* ShopsViewController.xib in Resources */,
				B29E0A3E12E7441C00835600 /* ShopDetailedViewController.xib in Resources */,
				B29E21B712E8640F00835600 /* ShopPointsViewController.xib in Resources */,
				B29E21BC12E8643D00835600 /* ShopCategoriesViewController.xib in Resources */,
				B29E247A12E9990300835600 /* AddPointViewController.xib in Resources */,
			);
			runOnlyForDeploymentPostprocessing = 0;
		};
		B29E217F12E85ABC00835600 /* Resources */ = {
			isa = PBXResourcesBuildPhase;
			buildActionMask = 2147483647;
			files = (
			);
			runOnlyForDeploymentPostprocessing = 0;
		};
/* End PBXResourcesBuildPhase section */

/* Begin PBXSourcesBuildPhase section */
		1D60588E0D05DD3D006BFB54 /* Sources */ = {
			isa = PBXSourcesBuildPhase;
			buildActionMask = 2147483647;
			files = (
				1D60589B0D05DD56006BFB54 /* main.m in Sources */,
				1D3623260D0F684500981E51 /* MapShopAppDelegate.m in Sources */,
				28193060112F816700ECF9B4 /* MapShop.xcdatamodeld in Sources */,
				B25B364D12E4544800F15585 /* RootViewController.m in Sources */,
				B25B37C312E46B2B00F15585 /* AddRegionController.m in Sources */,
				B25B3B5B12E604F900F15585 /* CitiesViewController.m in Sources */,
				B25B3E3812E6481F00F15585 /* regions.m in Sources */,
				B25B3E3912E6481F00F15585 /* cities.m in Sources */,
				B29E096812E7200C00835600 /* AreasViewController.m in Sources */,
				B29E096C12E721A700835600 /* Area.m in Sources */,
				B29E09A712E7246400835600 /* ShopsViewController.m in Sources */,
				B29E0A3D12E7441C00835600 /* ShopDetailedViewController.m in Sources */,
				B29E21B612E8640F00835600 /* ShopPointsViewController.m in Sources */,
				B29E21BB12E8643D00835600 /* ShopCategoriesViewController.m in Sources */,
				B29E21E612E86BF000835600 /* Category.m in Sources */,
				B29E247912E9990300835600 /* AddPointViewController.m in Sources */,
				B29E24C312E9AD9600835600 /* Shop.m in Sources */,
				B29E25CD12E9BA8B00835600 /* SPoint.m in Sources */,
			);
			runOnlyForDeploymentPostprocessing = 0;
		};
		B29E218012E85ABC00835600 /* Sources */ = {
			isa = PBXSourcesBuildPhase;
			buildActionMask = 2147483647;
			files = (
			);
			runOnlyForDeploymentPostprocessing = 0;
		};
/* End PBXSourcesBuildPhase section */

/* Begin XCBuildConfiguration section */
		1D6058940D05DD3E006BFB54 /* Debug */ = {
			isa = XCBuildConfiguration;
			buildSettings = {
				ALWAYS_SEARCH_USER_PATHS = NO;
				COPY_PHASE_STRIP = NO;
				CURRENT_PROJECT_VERSION = 0.1;
				GCC_DYNAMIC_NO_PIC = NO;
				GCC_OPTIMIZATION_LEVEL = 0;
				GCC_PRECOMPILE_PREFIX_HEADER = YES;
				GCC_PREFIX_HEADER = MapShop_Prefix.pch;
				GCC_TREAT_IMPLICIT_FUNCTION_DECLARATIONS_AS_ERRORS = YES;
				GCC_TREAT_WARNINGS_AS_ERRORS = YES;
				GCC_WARN_ABOUT_MISSING_NEWLINE = YES;
				GCC_WARN_CHECK_SWITCH_STATEMENTS = YES;
				GCC_WARN_EFFECTIVE_CPLUSPLUS_VIOLATIONS = YES;
				GCC_WARN_MISSING_PARENTHESES = YES;
				GCC_WARN_SHADOW = YES;
				INFOPLIST_FILE = "MapShop-Info.plist";
				LIBRARY_SEARCH_PATHS = (
					"$(inherited)",
					"\"$(SRCROOT)/Classes/CoreResource/Examples/CoreTest/GHUnit\"",
				);
				PRODUCT_NAME = MapShop;
				SDKROOT = iphoneos4.1;
			};
			name = Debug;
		};
		1D6058950D05DD3E006BFB54 /* Release */ = {
			isa = XCBuildConfiguration;
			buildSettings = {
				ALWAYS_SEARCH_USER_PATHS = NO;
				COPY_PHASE_STRIP = YES;
				GCC_PRECOMPILE_PREFIX_HEADER = YES;
				GCC_PREFIX_HEADER = MapShop_Prefix.pch;
				INFOPLIST_FILE = "MapShop-Info.plist";
				LIBRARY_SEARCH_PATHS = (
					"$(inherited)",
					"\"$(SRCROOT)/Classes/CoreResource/Examples/CoreTest/GHUnit\"",
				);
				PRODUCT_NAME = MapShop;
				SDKROOT = iphoneos4.1;
				VALIDATE_PRODUCT = YES;
			};
			name = Release;
		};
		B29E218612E85ABD00835600 /* Debug */ = {
			isa = XCBuildConfiguration;
			buildSettings = {
				ALWAYS_SEARCH_USER_PATHS = NO;
				ARCHS = "$(ARCHS_STANDARD_32_BIT)";
				CODE_SIGN_IDENTITY = "iPhone Developer";
				COPY_PHASE_STRIP = NO;
				GCC_DYNAMIC_NO_PIC = NO;
				GCC_OPTIMIZATION_LEVEL = 0;
				GCC_PRECOMPILE_PREFIX_HEADER = YES;
				GCC_PREFIX_HEADER = "$(SYSTEM_LIBRARY_DIR)/Frameworks/UIKit.framework/Headers/UIKit.h";
				INFOPLIST_FILE = "MapShopIPad-Info.plist";
				INSTALL_PATH = "$(HOME)/Applications";
				OTHER_LDFLAGS = (
					"-framework",
					Foundation,
					"-framework",
					UIKit,
				);
				PREBINDING = NO;
				PRODUCT_NAME = MapShopIPad;
				SDKROOT = iphoneos4.0;
				TARGETED_DEVICE_FAMILY = "1,2";
			};
			name = Debug;
		};
		B29E218712E85ABD00835600 /* Release */ = {
			isa = XCBuildConfiguration;
			buildSettings = {
				ALWAYS_SEARCH_USER_PATHS = NO;
				ARCHS = "$(ARCHS_STANDARD_32_BIT)";
				CODE_SIGN_IDENTITY = "iPhone Developer";
				COPY_PHASE_STRIP = YES;
				DEBUG_INFORMATION_FORMAT = "dwarf-with-dsym";
				GCC_ENABLE_FIX_AND_CONTINUE = NO;
				GCC_PRECOMPILE_PREFIX_HEADER = YES;
				GCC_PREFIX_HEADER = "$(SYSTEM_LIBRARY_DIR)/Frameworks/UIKit.framework/Headers/UIKit.h";
				INFOPLIST_FILE = "MapShopIPad-Info.plist";
				INSTALL_PATH = "$(HOME)/Applications";
				OTHER_LDFLAGS = (
					"-framework",
					Foundation,
					"-framework",
					UIKit,
				);
				PREBINDING = NO;
				PRODUCT_NAME = MapShopIPad;
				SDKROOT = iphoneos4.0;
				TARGETED_DEVICE_FAMILY = "1,2";
				ZERO_LINK = NO;
			};
			name = Release;
		};
		C01FCF4F08A954540054247B /* Debug */ = {
			isa = XCBuildConfiguration;
			buildSettings = {
				ARCHS = "$(ARCHS_STANDARD_32_BIT)";
				"CODE_SIGN_IDENTITY[sdk=iphoneos*]" = "iPhone Developer";
				GCC_C_LANGUAGE_STANDARD = c99;
				GCC_WARN_ABOUT_RETURN_TYPE = YES;
				GCC_WARN_UNUSED_VARIABLE = YES;
				PREBINDING = NO;
				SDKROOT = iphoneos4.1;
			};
			name = Debug;
		};
		C01FCF5008A954540054247B /* Release */ = {
			isa = XCBuildConfiguration;
			buildSettings = {
				ARCHS = "$(ARCHS_STANDARD_32_BIT)";
				"CODE_SIGN_IDENTITY[sdk=iphoneos*]" = "iPhone Developer";
				GCC_C_LANGUAGE_STANDARD = c99;
				GCC_WARN_ABOUT_RETURN_TYPE = YES;
				GCC_WARN_UNUSED_VARIABLE = YES;
				OTHER_CFLAGS = "-DNS_BLOCK_ASSERTIONS=1";
				PREBINDING = NO;
				SDKROOT = iphoneos4.1;
			};
			name = Release;
		};
/* End XCBuildConfiguration section */

/* Begin XCConfigurationList section */
		1D6058960D05DD3E006BFB54 /* Build configuration list for PBXNativeTarget "MapShop" */ = {
			isa = XCConfigurationList;
			buildConfigurations = (
				1D6058940D05DD3E006BFB54 /* Debug */,
				1D6058950D05DD3E006BFB54 /* Release */,
			);
			defaultConfigurationIsVisible = 0;
			defaultConfigurationName = Release;
		};
		B29E218812E85ABD00835600 /* Build configuration list for PBXNativeTarget "MapShopIPad" */ = {
			isa = XCConfigurationList;
			buildConfigurations = (
				B29E218612E85ABD00835600 /* Debug */,
				B29E218712E85ABD00835600 /* Release */,
			);
			defaultConfigurationIsVisible = 0;
			defaultConfigurationName = Release;
		};
		C01FCF4E08A954540054247B /* Build configuration list for PBXProject "MapShop" */ = {
			isa = XCConfigurationList;
			buildConfigurations = (
				C01FCF4F08A954540054247B /* Debug */,
				C01FCF5008A954540054247B /* Release */,
			);
			defaultConfigurationIsVisible = 0;
			defaultConfigurationName = Release;
		};
/* End XCConfigurationList section */

/* Begin XCVersionGroup section */
		2819305F112F816700ECF9B4 /* MapShop.xcdatamodeld */ = {
			isa = XCVersionGroup;
			children = (
				28C3AD890F43EF2300507BA6 /* MapShop.xcdatamodel */,
				B29E24BF12E9AD9600835600 /* Shop.h */,
				B29E24C012E9AD9600835600 /* Shop.m */,
				B29E096A12E721A700835600 /* Area.h */,
				B29E096B12E721A700835600 /* Area.m */,
				B25B3E3412E6481F00F15585 /* regions.h */,
				B25B3E3512E6481F00F15585 /* regions.m */,
				B25B3E3612E6481F00F15585 /* cities.h */,
				B25B3E3712E6481F00F15585 /* cities.m */,
				B29E21E312E86BF000835600 /* Category.h */,
				B29E21E412E86BF000835600 /* Category.m */,
				B29E25CB12E9BA8B00835600 /* SPoint.h */,
				B29E25CC12E9BA8B00835600 /* SPoint.m */,
			);
			currentVersion = 28C3AD890F43EF2300507BA6 /* MapShop.xcdatamodel */;
			path = MapShop.xcdatamodeld;
			sourceTree = "<group>";
			versionGroupType = wrapper.xcdatamodel;
		};
/* End XCVersionGroup section */
	};
	rootObject = 29B97313FDCFA39411CA2CEA /* Project object */;
}
