// !$*UTF8*$!
{
	archiveVersion = 1;
	classes = {
	};
	objectVersion = 46;
	objects = {

/* Begin PBXBuildFile section */
		1D3623260D0F684500981E51 /* MapShopAppDelegate.m in Sources */ = {isa = PBXBuildFile; fileRef = 1D3623250D0F684500981E51 /* MapShopAppDelegate.m */; };
		1D60589B0D05DD56006BFB54 /* main.m in Sources */ = {isa = PBXBuildFile; fileRef = 29B97316FDCFA39411CA2CEA /* main.m */; };
		1D60589F0D05DD5A006BFB54 /* Foundation.framework in Frameworks */ = {isa = PBXBuildFile; fileRef = 1D30AB110D05D00D00671497 /* Foundation.framework */; };
		1DF5F4E00D08C38300B7A737 /* UIKit.framework in Frameworks */ = {isa = PBXBuildFile; fileRef = 1DF5F4DF0D08C38300B7A737 /* UIKit.framework */; };
		28193060112F816700ECF9B4 /* MapShop.xcdatamodeld in Sources */ = {isa = PBXBuildFile; fileRef = 2819305F112F816700ECF9B4 /* MapShop.xcdatamodeld */; };
		288765A50DF7441C002DB57D /* CoreGraphics.framework in Frameworks */ = {isa = PBXBuildFile; fileRef = 288765A40DF7441C002DB57D /* CoreGraphics.framework */; };
		28D801B40F44B63D00FB423F /* CoreData.framework in Frameworks */ = {isa = PBXBuildFile; fileRef = 28D801B30F44B63D00FB423F /* CoreData.framework */; };
		B255181413258011008BBECF /* GenericTableViewController.m in Sources */ = {isa = PBXBuildFile; fileRef = B255181313258011008BBECF /* GenericTableViewController.m */; };
		B25519BC1325AD45008BBECF /* AreasViewController.m in Sources */ = {isa = PBXBuildFile; fileRef = B25519BB1325AD45008BBECF /* AreasViewController.m */; };
		B25519BF1325AD9C008BBECF /* CitiesViewController.m in Sources */ = {isa = PBXBuildFile; fileRef = B25519BE1325AD9C008BBECF /* CitiesViewController.m */; };
		B2551AB7132631A7008BBECF /* RegionViewController+Generic.m in Sources */ = {isa = PBXBuildFile; fileRef = B2551AB6132631A7008BBECF /* RegionViewController+Generic.m */; };
		B2551D36132672B6008BBECF /* ShopsViewController.m in Sources */ = {isa = PBXBuildFile; fileRef = B2551D35132672B6008BBECF /* ShopsViewController.m */; };
		B2551E0413268675008BBECF /* ShopDetailsTabViewController.m in Sources */ = {isa = PBXBuildFile; fileRef = B2551E0213268675008BBECF /* ShopDetailsTabViewController.m */; };
		B2551E0513268675008BBECF /* ShopDetailsTabViewController.xib in Resources */ = {isa = PBXBuildFile; fileRef = B2551E0313268675008BBECF /* ShopDetailsTabViewController.xib */; };
		B2551E2913268D55008BBECF /* shopThumb.png in Resources */ = {isa = PBXBuildFile; fileRef = B2551E2813268D55008BBECF /* shopThumb.png */; };
		B2551F7E132780A9008BBECF /* AddRegionController.xib in Resources */ = {isa = PBXBuildFile; fileRef = B2551F7D132780A9008BBECF /* AddRegionController.xib */; };
		B2551FC013279440008BBECF /* 07-map-marker.png in Resources */ = {isa = PBXBuildFile; fileRef = B2551FBF13279440008BBECF /* 07-map-marker.png */; };
		B2551FC2132794B8008BBECF /* 71-compass.png in Resources */ = {isa = PBXBuildFile; fileRef = B2551FC1132794B8008BBECF /* 71-compass.png */; };
		B2551FC4132794E7008BBECF /* 86-camera.png in Resources */ = {isa = PBXBuildFile; fileRef = B2551FC3132794E7008BBECF /* 86-camera.png */; };
		B2551FC61327951B008BBECF /* 103-map.png in Resources */ = {isa = PBXBuildFile; fileRef = B2551FC51327951B008BBECF /* 103-map.png */; };
		B2551FC81327953D008BBECF /* 117-todo.png in Resources */ = {isa = PBXBuildFile; fileRef = B2551FC71327953D008BBECF /* 117-todo.png */; };
		B2551FCA13279593008BBECF /* 168-upload-photo-2.png in Resources */ = {isa = PBXBuildFile; fileRef = B2551FC913279593008BBECF /* 168-upload-photo-2.png */; };
		B2551FCC132795A5008BBECF /* 172-pricetag.png in Resources */ = {isa = PBXBuildFile; fileRef = B2551FCB132795A5008BBECF /* 172-pricetag.png */; };
		B2551FCE132795C8008BBECF /* 193-location-arrow.png in Resources */ = {isa = PBXBuildFile; fileRef = B2551FCD132795C8008BBECF /* 193-location-arrow.png */; };
		B25B37C312E46B2B00F15585 /* AddRegionController.m in Sources */ = {isa = PBXBuildFile; fileRef = B25B37C112E46B2B00F15585 /* AddRegionController.m */; };
		B28355D712EB869C001246FB /* Area.m in Sources */ = {isa = PBXBuildFile; fileRef = B28355CC12EB869C001246FB /* Area.m */; };
		B28355D812EB869C001246FB /* City.m in Sources */ = {isa = PBXBuildFile; fileRef = B28355CE12EB869C001246FB /* City.m */; };
		B28355D912EB869C001246FB /* Shop.m in Sources */ = {isa = PBXBuildFile; fileRef = B28355D012EB869C001246FB /* Shop.m */; };
		B28355DA12EB869C001246FB /* Category.m in Sources */ = {isa = PBXBuildFile; fileRef = B28355D212EB869C001246FB /* Category.m */; };
		B28355DB12EB869C001246FB /* SPoint.m in Sources */ = {isa = PBXBuildFile; fileRef = B28355D412EB869C001246FB /* SPoint.m */; };
		B28355DC12EB869C001246FB /* Region.m in Sources */ = {isa = PBXBuildFile; fileRef = B28355D612EB869C001246FB /* Region.m */; };
		B290454E12FDD3D80090A524 /* MobileCoreServices.framework in Frameworks */ = {isa = PBXBuildFile; fileRef = B290454D12FDD3D80090A524 /* MobileCoreServices.framework */; };
		B29047F812FE1E4A0090A524 /* BG.png in Resources */ = {isa = PBXBuildFile; fileRef = B29047F612FE1E4A0090A524 /* BG.png */; };
		B29047F912FE1E4A0090A524 /* BG@2x.png in Resources */ = {isa = PBXBuildFile; fileRef = B29047F712FE1E4A0090A524 /* BG@2x.png */; };
		B290481512FF1E210090A524 /* RegionsViewController.m in Sources */ = {isa = PBXBuildFile; fileRef = B290481312FF1E210090A524 /* RegionsViewController.m */; };
		B290481612FF1E210090A524 /* RegionsViewController.xib in Resources */ = {isa = PBXBuildFile; fileRef = B290481412FF1E210090A524 /* RegionsViewController.xib */; };
		B29048CA12FF2BA90090A524 /* listbg.png in Resources */ = {isa = PBXBuildFile; fileRef = B29048C812FF2BA90090A524 /* listbg.png */; };
		B29048CB12FF2BA90090A524 /* listbg@2x.png in Resources */ = {isa = PBXBuildFile; fileRef = B29048C912FF2BA90090A524 /* listbg@2x.png */; };
		B294CDCE1331505800EABF1C /* libRestKitCoreData.a in Frameworks */ = {isa = PBXBuildFile; fileRef = B294CDC91331505800EABF1C /* libRestKitCoreData.a */; };
		B294CDCF1331505800EABF1C /* libRestKitJSONParserYAJL.a in Frameworks */ = {isa = PBXBuildFile; fileRef = B294CDCA1331505800EABF1C /* libRestKitJSONParserYAJL.a */; };
		B294CDD01331505800EABF1C /* libRestKitNetwork.a in Frameworks */ = {isa = PBXBuildFile; fileRef = B294CDCB1331505800EABF1C /* libRestKitNetwork.a */; };
		B294CDD11331505800EABF1C /* libRestKitObjectMapping.a in Frameworks */ = {isa = PBXBuildFile; fileRef = B294CDCC1331505800EABF1C /* libRestKitObjectMapping.a */; };
		B294CDD21331505800EABF1C /* libRestKitSupport.a in Frameworks */ = {isa = PBXBuildFile; fileRef = B294CDCD1331505800EABF1C /* libRestKitSupport.a */; };
		B2987C611329862C00338693 /* PointAnnotationDelegate.m in Sources */ = {isa = PBXBuildFile; fileRef = B2987C601329862C00338693 /* PointAnnotationDelegate.m */; };
		B29E09A812E7246400835600 /* ShopsViewController.xib in Resources */ = {isa = PBXBuildFile; fileRef = B29E09A612E7246400835600 /* ShopsViewController.xib */; };
		B29E0A3D12E7441C00835600 /* ShopDetailedViewController.m in Sources */ = {isa = PBXBuildFile; fileRef = B29E0A3B12E7441C00835600 /* ShopDetailedViewController.m */; };
		B29E0A3E12E7441C00835600 /* ShopDetailedViewController.xib in Resources */ = {isa = PBXBuildFile; fileRef = B29E0A3C12E7441C00835600 /* ShopDetailedViewController.xib */; };
		B29E213812E8583D00835600 /* CFNetwork.framework in Frameworks */ = {isa = PBXBuildFile; fileRef = B29E213712E8583D00835600 /* CFNetwork.framework */; };
		B29E213C12E8584800835600 /* SystemConfiguration.framework in Frameworks */ = {isa = PBXBuildFile; fileRef = B29E213B12E8584800835600 /* SystemConfiguration.framework */; };
		B29E21B612E8640F00835600 /* ShopPointsViewController.m in Sources */ = {isa = PBXBuildFile; fileRef = B29E21B412E8640F00835600 /* ShopPointsViewController.m */; };
		B29E21B712E8640F00835600 /* ShopPointsViewController.xib in Resources */ = {isa = PBXBuildFile; fileRef = B29E21B512E8640F00835600 /* ShopPointsViewController.xib */; };
		B29E21BB12E8643D00835600 /* ShopCategoriesViewController.m in Sources */ = {isa = PBXBuildFile; fileRef = B29E21B912E8643D00835600 /* ShopCategoriesViewController.m */; };
		B29E21BC12E8643D00835600 /* ShopCategoriesViewController.xib in Resources */ = {isa = PBXBuildFile; fileRef = B29E21BA12E8643D00835600 /* ShopCategoriesViewController.xib */; };
		B29E247912E9990300835600 /* AddPointViewController.m in Sources */ = {isa = PBXBuildFile; fileRef = B29E247712E9990300835600 /* AddPointViewController.m */; };
		B29E247A12E9990300835600 /* AddPointViewController.xib in Resources */ = {isa = PBXBuildFile; fileRef = B29E247812E9990300835600 /* AddPointViewController.xib */; };
		B2B73C271332198500D40884 /* EGORefreshTableHeaderView.m in Sources */ = {isa = PBXBuildFile; fileRef = B2B73C1D1332198500D40884 /* EGORefreshTableHeaderView.m */; };
		B2B73C281332198500D40884 /* blackArrow.png in Resources */ = {isa = PBXBuildFile; fileRef = B2B73C1F1332198500D40884 /* blackArrow.png */; };
		B2B73C291332198500D40884 /* blackArrow@2x.png in Resources */ = {isa = PBXBuildFile; fileRef = B2B73C201332198500D40884 /* blackArrow@2x.png */; };
		B2B73C2A1332198500D40884 /* blueArrow.png in Resources */ = {isa = PBXBuildFile; fileRef = B2B73C211332198500D40884 /* blueArrow.png */; };
		B2B73C2B1332198500D40884 /* blueArrow@2x.png in Resources */ = {isa = PBXBuildFile; fileRef = B2B73C221332198500D40884 /* blueArrow@2x.png */; };
		B2B73C2C1332198500D40884 /* grayArrow.png in Resources */ = {isa = PBXBuildFile; fileRef = B2B73C231332198500D40884 /* grayArrow.png */; };
		B2B73C2D1332198500D40884 /* grayArrow@2x.png in Resources */ = {isa = PBXBuildFile; fileRef = B2B73C241332198500D40884 /* grayArrow@2x.png */; };
		B2B73C2E1332198500D40884 /* whiteArrow.png in Resources */ = {isa = PBXBuildFile; fileRef = B2B73C251332198500D40884 /* whiteArrow.png */; };
		B2B73C2F1332198500D40884 /* whiteArrow@2x.png in Resources */ = {isa = PBXBuildFile; fileRef = B2B73C261332198500D40884 /* whiteArrow@2x.png */; };
		B2B73C3913321BD700D40884 /* QuartzCore.framework in Frameworks */ = {isa = PBXBuildFile; fileRef = B2B73C3813321BD700D40884 /* QuartzCore.framework */; };
		B2B73C3C133222AF00D40884 /* AbstractModel.m in Sources */ = {isa = PBXBuildFile; fileRef = B2B73C3B133222AB00D40884 /* AbstractModel.m */; };
		B2D32FE2132D31E100525D89 /* MapKit.framework in Frameworks */ = {isa = PBXBuildFile; fileRef = B2D32FE1132D31E000525D89 /* MapKit.framework */; };
		B2D32FE4132D31EC00525D89 /* CoreLocation.framework in Frameworks */ = {isa = PBXBuildFile; fileRef = B2D32FE3132D31EB00525D89 /* CoreLocation.framework */; };
		B2D32FF9132E81BB00525D89 /* EditAddressViewController.m in Sources */ = {isa = PBXBuildFile; fileRef = B2D32FF7132E819A00525D89 /* EditAddressViewController.m */; };
		B2D32FFA132E81BB00525D89 /* EditAddressViewController.xib in Resources */ = {isa = PBXBuildFile; fileRef = B2D32FF8132E81A700525D89 /* EditAddressViewController.xib */; };
		B2D33004132F55E200525D89 /* 13-target.png in Resources */ = {isa = PBXBuildFile; fileRef = B2D33003132F55E100525D89 /* 13-target.png */; };
		B2D33009132F569900525D89 /* 74-location.png in Resources */ = {isa = PBXBuildFile; fileRef = B2D33008132F569900525D89 /* 74-location.png */; };
/* End PBXBuildFile section */

/* Begin PBXContainerItemProxy section */
		B294CDC71331504600EABF1C /* PBXContainerItemProxy */ = {
			isa = PBXContainerItemProxy;
			containerPortal = B2C9C15013314DB6000BF647 /* RestKit.xcodeproj */;
			proxyType = 1;
			remoteGlobalIDString = 25956956126DF0A8004BAC4C;
			remoteInfo = RestKit;
		};
		B2C9C16613314DB7000BF647 /* PBXContainerItemProxy */ = {
			isa = PBXContainerItemProxy;
			containerPortal = B2C9C15013314DB6000BF647 /* RestKit.xcodeproj */;
			proxyType = 2;
			remoteGlobalIDString = 253A07FC1255161B00976E89;
			remoteInfo = RestKitNetwork;
		};
		B2C9C16813314DB7000BF647 /* PBXContainerItemProxy */ = {
			isa = PBXContainerItemProxy;
			containerPortal = B2C9C15013314DB6000BF647 /* RestKit.xcodeproj */;
			proxyType = 2;
			remoteGlobalIDString = 253A08031255162C00976E89;
			remoteInfo = RestKitObjectMapping;
		};
		B2C9C16A13314DB7000BF647 /* PBXContainerItemProxy */ = {
			isa = PBXContainerItemProxy;
			containerPortal = B2C9C15013314DB6000BF647 /* RestKit.xcodeproj */;
			proxyType = 2;
			remoteGlobalIDString = 253A080C12551D3000976E89;
			remoteInfo = RestKitSupport;
		};
		B2C9C16C13314DB7000BF647 /* PBXContainerItemProxy */ = {
			isa = PBXContainerItemProxy;
			containerPortal = B2C9C15013314DB6000BF647 /* RestKit.xcodeproj */;
			proxyType = 2;
			remoteGlobalIDString = 2590E64F125231F600531FA8;
			remoteInfo = "RestKitJSONParser+YAJL";
		};
		B2C9C16E13314DB7000BF647 /* PBXContainerItemProxy */ = {
			isa = PBXContainerItemProxy;
			containerPortal = B2C9C15013314DB6000BF647 /* RestKit.xcodeproj */;
			proxyType = 2;
			remoteGlobalIDString = 2590E66B1252353700531FA8;
			remoteInfo = "RestKitJSONParser+SBJSON";
		};
		B2C9C17013314DB7000BF647 /* PBXContainerItemProxy */ = {
			isa = PBXContainerItemProxy;
			containerPortal = B2C9C15013314DB6000BF647 /* RestKit.xcodeproj */;
			proxyType = 2;
			remoteGlobalIDString = 253A081412551D5300976E89;
			remoteInfo = RestKitCoreData;
		};
		B2C9C17213314DB7000BF647 /* PBXContainerItemProxy */ = {
			isa = PBXContainerItemProxy;
			containerPortal = B2C9C15013314DB6000BF647 /* RestKit.xcodeproj */;
			proxyType = 2;
			remoteGlobalIDString = 2523360511E79F090048F9B4;
			remoteInfo = RestKitThree20;
		};
		B2C9C17413314DB7000BF647 /* PBXContainerItemProxy */ = {
			isa = PBXContainerItemProxy;
			containerPortal = B2C9C15013314DB6000BF647 /* RestKit.xcodeproj */;
			proxyType = 2;
			remoteGlobalIDString = 3F6C39A510FE5C95008F47C5;
			remoteInfo = UISpec;
		};
/* End PBXContainerItemProxy section */

/* Begin PBXFileReference section */
		1D30AB110D05D00D00671497 /* Foundation.framework */ = {isa = PBXFileReference; lastKnownFileType = wrapper.framework; name = Foundation.framework; path = System/Library/Frameworks/Foundation.framework; sourceTree = SDKROOT; };
		1D3623240D0F684500981E51 /* MapShopAppDelegate.h */ = {isa = PBXFileReference; fileEncoding = 4; lastKnownFileType = sourcecode.c.h; path = MapShopAppDelegate.h; sourceTree = "<group>"; };
		1D3623250D0F684500981E51 /* MapShopAppDelegate.m */ = {isa = PBXFileReference; fileEncoding = 4; lastKnownFileType = sourcecode.c.objc; path = MapShopAppDelegate.m; sourceTree = "<group>"; };
		1D6058910D05DD3D006BFB54 /* MapShop.app */ = {isa = PBXFileReference; explicitFileType = wrapper.application; includeInIndex = 0; path = MapShop.app; sourceTree = BUILT_PRODUCTS_DIR; };
		1DF5F4DF0D08C38300B7A737 /* UIKit.framework */ = {isa = PBXFileReference; lastKnownFileType = wrapper.framework; name = UIKit.framework; path = System/Library/Frameworks/UIKit.framework; sourceTree = SDKROOT; };
		288765A40DF7441C002DB57D /* CoreGraphics.framework */ = {isa = PBXFileReference; lastKnownFileType = wrapper.framework; name = CoreGraphics.framework; path = System/Library/Frameworks/CoreGraphics.framework; sourceTree = SDKROOT; };
		28C3AD890F43EF2300507BA6 /* MapShop.xcdatamodel */ = {isa = PBXFileReference; fileEncoding = 4; lastKnownFileType = wrapper.xcdatamodel; path = MapShop.xcdatamodel; sourceTree = "<group>"; };
		28D801B30F44B63D00FB423F /* CoreData.framework */ = {isa = PBXFileReference; lastKnownFileType = wrapper.framework; name = CoreData.framework; path = System/Library/Frameworks/CoreData.framework; sourceTree = SDKROOT; };
		29B97316FDCFA39411CA2CEA /* main.m */ = {isa = PBXFileReference; fileEncoding = 4; lastKnownFileType = sourcecode.c.objc; path = main.m; sourceTree = "<group>"; };
		32CA4F630368D1EE00C91783 /* MapShop_Prefix.pch */ = {isa = PBXFileReference; fileEncoding = 4; lastKnownFileType = sourcecode.c.h; path = MapShop_Prefix.pch; sourceTree = "<group>"; };
		8D1107310486CEB800E47090 /* MapShop-Info.plist */ = {isa = PBXFileReference; fileEncoding = 4; lastKnownFileType = text.plist.xml; path = "MapShop-Info.plist"; plistStructureDefinitionIdentifier = "com.apple.xcode.plist.structure-definition.iphone.info-plist"; sourceTree = "<group>"; };
		B255181213258011008BBECF /* GenericTableViewController.h */ = {isa = PBXFileReference; fileEncoding = 4; lastKnownFileType = sourcecode.c.h; path = GenericTableViewController.h; sourceTree = "<group>"; };
		B255181313258011008BBECF /* GenericTableViewController.m */ = {isa = PBXFileReference; fileEncoding = 4; lastKnownFileType = sourcecode.c.objc; path = GenericTableViewController.m; sourceTree = "<group>"; };
		B25519BA1325AD45008BBECF /* AreasViewController.h */ = {isa = PBXFileReference; fileEncoding = 4; lastKnownFileType = sourcecode.c.h; path = AreasViewController.h; sourceTree = "<group>"; };
		B25519BB1325AD45008BBECF /* AreasViewController.m */ = {isa = PBXFileReference; fileEncoding = 4; lastKnownFileType = sourcecode.c.objc; path = AreasViewController.m; sourceTree = "<group>"; };
		B25519BD1325AD9C008BBECF /* CitiesViewController.h */ = {isa = PBXFileReference; fileEncoding = 4; lastKnownFileType = sourcecode.c.h; path = CitiesViewController.h; sourceTree = "<group>"; };
		B25519BE1325AD9C008BBECF /* CitiesViewController.m */ = {isa = PBXFileReference; fileEncoding = 4; lastKnownFileType = sourcecode.c.objc; path = CitiesViewController.m; sourceTree = "<group>"; };
		B2551AB5132631A7008BBECF /* RegionViewController+Generic.h */ = {isa = PBXFileReference; fileEncoding = 4; lastKnownFileType = sourcecode.c.h; path = "RegionViewController+Generic.h"; sourceTree = "<group>"; };
		B2551AB6132631A7008BBECF /* RegionViewController+Generic.m */ = {isa = PBXFileReference; fileEncoding = 4; lastKnownFileType = sourcecode.c.objc; path = "RegionViewController+Generic.m"; sourceTree = "<group>"; };
		B2551D34132672B6008BBECF /* ShopsViewController.h */ = {isa = PBXFileReference; fileEncoding = 4; lastKnownFileType = sourcecode.c.h; path = ShopsViewController.h; sourceTree = "<group>"; };
		B2551D35132672B6008BBECF /* ShopsViewController.m */ = {isa = PBXFileReference; fileEncoding = 4; lastKnownFileType = sourcecode.c.objc; path = ShopsViewController.m; sourceTree = "<group>"; };
		B2551E0113268675008BBECF /* ShopDetailsTabViewController.h */ = {isa = PBXFileReference; fileEncoding = 4; lastKnownFileType = sourcecode.c.h; path = ShopDetailsTabViewController.h; sourceTree = "<group>"; };
		B2551E0213268675008BBECF /* ShopDetailsTabViewController.m */ = {isa = PBXFileReference; fileEncoding = 4; lastKnownFileType = sourcecode.c.objc; path = ShopDetailsTabViewController.m; sourceTree = "<group>"; };
		B2551E0313268675008BBECF /* ShopDetailsTabViewController.xib */ = {isa = PBXFileReference; lastKnownFileType = file.xib; name = ShopDetailsTabViewController.xib; path = Classes/ShopDetailsTabViewController.xib; sourceTree = "<group>"; };
		B2551E2813268D55008BBECF /* shopThumb.png */ = {isa = PBXFileReference; lastKnownFileType = image.png; path = shopThumb.png; sourceTree = "<group>"; };
		B2551F7D132780A9008BBECF /* AddRegionController.xib */ = {isa = PBXFileReference; lastKnownFileType = file.xib; path = AddRegionController.xib; sourceTree = "<group>"; };
		B2551FBF13279440008BBECF /* 07-map-marker.png */ = {isa = PBXFileReference; lastKnownFileType = image.png; path = "07-map-marker.png"; sourceTree = "<group>"; };
		B2551FC1132794B8008BBECF /* 71-compass.png */ = {isa = PBXFileReference; lastKnownFileType = image.png; name = "71-compass.png"; path = "../../Downloads/glyphish-icons/icons/71-compass.png"; sourceTree = SOURCE_ROOT; };
		B2551FC3132794E7008BBECF /* 86-camera.png */ = {isa = PBXFileReference; lastKnownFileType = image.png; name = "86-camera.png"; path = "../../Downloads/glyphish-icons/icons/86-camera.png"; sourceTree = SOURCE_ROOT; };
		B2551FC51327951B008BBECF /* 103-map.png */ = {isa = PBXFileReference; lastKnownFileType = image.png; name = "103-map.png"; path = "../../Downloads/glyphish-icons/icons/103-map.png"; sourceTree = SOURCE_ROOT; };
		B2551FC71327953D008BBECF /* 117-todo.png */ = {isa = PBXFileReference; lastKnownFileType = image.png; name = "117-todo.png"; path = "../../Downloads/glyphish-icons/icons/117-todo.png"; sourceTree = SOURCE_ROOT; };
		B2551FC913279593008BBECF /* 168-upload-photo-2.png */ = {isa = PBXFileReference; lastKnownFileType = image.png; name = "168-upload-photo-2.png"; path = "../../Downloads/glyphish-icons/icons/168-upload-photo-2.png"; sourceTree = SOURCE_ROOT; };
		B2551FCB132795A5008BBECF /* 172-pricetag.png */ = {isa = PBXFileReference; lastKnownFileType = image.png; path = "172-pricetag.png"; sourceTree = "<group>"; };
		B2551FCD132795C8008BBECF /* 193-location-arrow.png */ = {isa = PBXFileReference; lastKnownFileType = image.png; path = "193-location-arrow.png"; sourceTree = "<group>"; };
		B25B37C012E46B2B00F15585 /* AddRegionController.h */ = {isa = PBXFileReference; fileEncoding = 4; lastKnownFileType = sourcecode.c.h; path = AddRegionController.h; sourceTree = "<group>"; };
		B25B37C112E46B2B00F15585 /* AddRegionController.m */ = {isa = PBXFileReference; fileEncoding = 4; lastKnownFileType = sourcecode.c.objc; path = AddRegionController.m; sourceTree = "<group>"; };
		B28355CB12EB869C001246FB /* Area.h */ = {isa = PBXFileReference; fileEncoding = 4; lastKnownFileType = sourcecode.c.h; path = Area.h; sourceTree = "<group>"; };
		B28355CC12EB869C001246FB /* Area.m */ = {isa = PBXFileReference; fileEncoding = 4; lastKnownFileType = sourcecode.c.objc; path = Area.m; sourceTree = "<group>"; };
		B28355CD12EB869C001246FB /* City.h */ = {isa = PBXFileReference; fileEncoding = 4; lastKnownFileType = sourcecode.c.h; path = City.h; sourceTree = "<group>"; };
		B28355CE12EB869C001246FB /* City.m */ = {isa = PBXFileReference; fileEncoding = 4; lastKnownFileType = sourcecode.c.objc; path = City.m; sourceTree = "<group>"; };
		B28355CF12EB869C001246FB /* Shop.h */ = {isa = PBXFileReference; fileEncoding = 4; lastKnownFileType = sourcecode.c.h; path = Shop.h; sourceTree = "<group>"; };
		B28355D012EB869C001246FB /* Shop.m */ = {isa = PBXFileReference; fileEncoding = 4; lastKnownFileType = sourcecode.c.objc; path = Shop.m; sourceTree = "<group>"; };
		B28355D112EB869C001246FB /* Category.h */ = {isa = PBXFileReference; fileEncoding = 4; lastKnownFileType = sourcecode.c.h; path = Category.h; sourceTree = "<group>"; };
		B28355D212EB869C001246FB /* Category.m */ = {isa = PBXFileReference; fileEncoding = 4; lastKnownFileType = sourcecode.c.objc; path = Category.m; sourceTree = "<group>"; };
		B28355D312EB869C001246FB /* SPoint.h */ = {isa = PBXFileReference; fileEncoding = 4; lastKnownFileType = sourcecode.c.h; path = SPoint.h; sourceTree = "<group>"; };
		B28355D412EB869C001246FB /* SPoint.m */ = {isa = PBXFileReference; fileEncoding = 4; lastKnownFileType = sourcecode.c.objc; path = SPoint.m; sourceTree = "<group>"; };
		B28355D512EB869C001246FB /* Region.h */ = {isa = PBXFileReference; fileEncoding = 4; lastKnownFileType = sourcecode.c.h; path = Region.h; sourceTree = "<group>"; };
		B28355D612EB869C001246FB /* Region.m */ = {isa = PBXFileReference; fileEncoding = 4; lastKnownFileType = sourcecode.c.objc; path = Region.m; sourceTree = "<group>"; };
		B290454D12FDD3D80090A524 /* MobileCoreServices.framework */ = {isa = PBXFileReference; lastKnownFileType = wrapper.framework; name = MobileCoreServices.framework; path = System/Library/Frameworks/MobileCoreServices.framework; sourceTree = SDKROOT; };
		B29047F612FE1E4A0090A524 /* BG.png */ = {isa = PBXFileReference; lastKnownFileType = image.png; path = BG.png; sourceTree = "<group>"; };
		B29047F712FE1E4A0090A524 /* BG@2x.png */ = {isa = PBXFileReference; lastKnownFileType = image.png; path = "BG@2x.png"; sourceTree = "<group>"; };
		B290481212FF1E210090A524 /* RegionsViewController.h */ = {isa = PBXFileReference; fileEncoding = 4; lastKnownFileType = sourcecode.c.h; path = RegionsViewController.h; sourceTree = "<group>"; };
		B290481312FF1E210090A524 /* RegionsViewController.m */ = {isa = PBXFileReference; fileEncoding = 4; lastKnownFileType = sourcecode.c.objc; path = RegionsViewController.m; sourceTree = "<group>"; };
		B290481412FF1E210090A524 /* RegionsViewController.xib */ = {isa = PBXFileReference; lastKnownFileType = file.xib; name = RegionsViewController.xib; path = Classes/RegionsViewController.xib; sourceTree = "<group>"; };
		B29048C812FF2BA90090A524 /* listbg.png */ = {isa = PBXFileReference; lastKnownFileType = image.png; path = listbg.png; sourceTree = "<group>"; };
		B29048C912FF2BA90090A524 /* listbg@2x.png */ = {isa = PBXFileReference; lastKnownFileType = image.png; path = "listbg@2x.png"; sourceTree = "<group>"; };
		B294CDC91331505800EABF1C /* libRestKitCoreData.a */ = {isa = PBXFileReference; explicitFileType = archive.ar; path = libRestKitCoreData.a; sourceTree = SOURCE_ROOT; };
		B294CDCA1331505800EABF1C /* libRestKitJSONParserYAJL.a */ = {isa = PBXFileReference; explicitFileType = archive.ar; path = libRestKitJSONParserYAJL.a; sourceTree = SOURCE_ROOT; };
		B294CDCB1331505800EABF1C /* libRestKitNetwork.a */ = {isa = PBXFileReference; explicitFileType = archive.ar; path = libRestKitNetwork.a; sourceTree = SOURCE_ROOT; };
		B294CDCC1331505800EABF1C /* libRestKitObjectMapping.a */ = {isa = PBXFileReference; explicitFileType = archive.ar; path = libRestKitObjectMapping.a; sourceTree = SOURCE_ROOT; };
		B294CDCD1331505800EABF1C /* libRestKitSupport.a */ = {isa = PBXFileReference; explicitFileType = archive.ar; path = libRestKitSupport.a; sourceTree = SOURCE_ROOT; };
		B294CDD3133152C200EABF1C /* RestKit.h */ = {isa = PBXFileReference; fileEncoding = 4; lastKnownFileType = sourcecode.c.h; name = RestKit.h; path = RestKit/Code/RestKit.h; sourceTree = "<group>"; };
		B2987C5F1329862C00338693 /* PointAnnotationDelegate.h */ = {isa = PBXFileReference; fileEncoding = 4; lastKnownFileType = sourcecode.c.h; path = PointAnnotationDelegate.h; sourceTree = "<group>"; };
		B2987C601329862C00338693 /* PointAnnotationDelegate.m */ = {isa = PBXFileReference; fileEncoding = 4; lastKnownFileType = sourcecode.c.objc; path = PointAnnotationDelegate.m; sourceTree = "<group>"; };
		B29E09A612E7246400835600 /* ShopsViewController.xib */ = {isa = PBXFileReference; lastKnownFileType = file.xib; name = ShopsViewController.xib; path = Classes/ShopsViewController.xib; sourceTree = "<group>"; };
		B29E0A3A12E7441C00835600 /* ShopDetailedViewController.h */ = {isa = PBXFileReference; fileEncoding = 4; lastKnownFileType = sourcecode.c.h; path = ShopDetailedViewController.h; sourceTree = "<group>"; };
		B29E0A3B12E7441C00835600 /* ShopDetailedViewController.m */ = {isa = PBXFileReference; fileEncoding = 4; lastKnownFileType = sourcecode.c.objc; path = ShopDetailedViewController.m; sourceTree = "<group>"; };
		B29E0A3C12E7441C00835600 /* ShopDetailedViewController.xib */ = {isa = PBXFileReference; lastKnownFileType = file.xib; name = ShopDetailedViewController.xib; path = Classes/ShopDetailedViewController.xib; sourceTree = "<group>"; };
		B29E213712E8583D00835600 /* CFNetwork.framework */ = {isa = PBXFileReference; lastKnownFileType = wrapper.framework; name = CFNetwork.framework; path = System/Library/Frameworks/CFNetwork.framework; sourceTree = SDKROOT; };
		B29E213B12E8584800835600 /* SystemConfiguration.framework */ = {isa = PBXFileReference; lastKnownFileType = wrapper.framework; name = SystemConfiguration.framework; path = System/Library/Frameworks/SystemConfiguration.framework; sourceTree = SDKROOT; };
		B29E218512E85ABD00835600 /* MapShopIPad-Info.plist */ = {isa = PBXFileReference; lastKnownFileType = text.plist.xml; path = "MapShopIPad-Info.plist"; sourceTree = "<group>"; };
		B29E21B312E8640F00835600 /* ShopPointsViewController.h */ = {isa = PBXFileReference; fileEncoding = 4; lastKnownFileType = sourcecode.c.h; path = ShopPointsViewController.h; sourceTree = "<group>"; };
		B29E21B412E8640F00835600 /* ShopPointsViewController.m */ = {isa = PBXFileReference; fileEncoding = 4; lastKnownFileType = sourcecode.c.objc; path = ShopPointsViewController.m; sourceTree = "<group>"; };
		B29E21B512E8640F00835600 /* ShopPointsViewController.xib */ = {isa = PBXFileReference; lastKnownFileType = file.xib; name = ShopPointsViewController.xib; path = Classes/ShopPointsViewController.xib; sourceTree = "<group>"; };
		B29E21B812E8643D00835600 /* ShopCategoriesViewController.h */ = {isa = PBXFileReference; fileEncoding = 4; lastKnownFileType = sourcecode.c.h; path = ShopCategoriesViewController.h; sourceTree = "<group>"; };
		B29E21B912E8643D00835600 /* ShopCategoriesViewController.m */ = {isa = PBXFileReference; fileEncoding = 4; lastKnownFileType = sourcecode.c.objc; path = ShopCategoriesViewController.m; sourceTree = "<group>"; };
		B29E21BA12E8643D00835600 /* ShopCategoriesViewController.xib */ = {isa = PBXFileReference; lastKnownFileType = file.xib; name = ShopCategoriesViewController.xib; path = Classes/ShopCategoriesViewController.xib; sourceTree = "<group>"; };
		B29E247612E9990300835600 /* AddPointViewController.h */ = {isa = PBXFileReference; fileEncoding = 4; lastKnownFileType = sourcecode.c.h; path = AddPointViewController.h; sourceTree = "<group>"; };
		B29E247712E9990300835600 /* AddPointViewController.m */ = {isa = PBXFileReference; fileEncoding = 4; lastKnownFileType = sourcecode.c.objc; path = AddPointViewController.m; sourceTree = "<group>"; };
		B29E247812E9990300835600 /* AddPointViewController.xib */ = {isa = PBXFileReference; lastKnownFileType = file.xib; name = AddPointViewController.xib; path = Classes/AddPointViewController.xib; sourceTree = "<group>"; };
		B2B73C1C1332198500D40884 /* EGORefreshTableHeaderView.h */ = {isa = PBXFileReference; fileEncoding = 4; lastKnownFileType = sourcecode.c.h; path = EGORefreshTableHeaderView.h; sourceTree = "<group>"; };
		B2B73C1D1332198500D40884 /* EGORefreshTableHeaderView.m */ = {isa = PBXFileReference; fileEncoding = 4; lastKnownFileType = sourcecode.c.objc; path = EGORefreshTableHeaderView.m; sourceTree = "<group>"; };
		B2B73C1F1332198500D40884 /* blackArrow.png */ = {isa = PBXFileReference; lastKnownFileType = image.png; path = blackArrow.png; sourceTree = "<group>"; };
		B2B73C201332198500D40884 /* blackArrow@2x.png */ = {isa = PBXFileReference; lastKnownFileType = image.png; path = "blackArrow@2x.png"; sourceTree = "<group>"; };
		B2B73C211332198500D40884 /* blueArrow.png */ = {isa = PBXFileReference; lastKnownFileType = image.png; path = blueArrow.png; sourceTree = "<group>"; };
		B2B73C221332198500D40884 /* blueArrow@2x.png */ = {isa = PBXFileReference; lastKnownFileType = image.png; path = "blueArrow@2x.png"; sourceTree = "<group>"; };
		B2B73C231332198500D40884 /* grayArrow.png */ = {isa = PBXFileReference; lastKnownFileType = image.png; path = grayArrow.png; sourceTree = "<group>"; };
		B2B73C241332198500D40884 /* grayArrow@2x.png */ = {isa = PBXFileReference; lastKnownFileType = image.png; path = "grayArrow@2x.png"; sourceTree = "<group>"; };
		B2B73C251332198500D40884 /* whiteArrow.png */ = {isa = PBXFileReference; lastKnownFileType = image.png; path = whiteArrow.png; sourceTree = "<group>"; };
		B2B73C261332198500D40884 /* whiteArrow@2x.png */ = {isa = PBXFileReference; lastKnownFileType = image.png; path = "whiteArrow@2x.png"; sourceTree = "<group>"; };
		B2B73C3813321BD700D40884 /* QuartzCore.framework */ = {isa = PBXFileReference; lastKnownFileType = wrapper.framework; name = QuartzCore.framework; path = System/Library/Frameworks/QuartzCore.framework; sourceTree = SDKROOT; };
		B2B73C3A133222AA00D40884 /* AbstractModel.h */ = {isa = PBXFileReference; fileEncoding = 4; lastKnownFileType = sourcecode.c.h; path = AbstractModel.h; sourceTree = "<group>"; };
		B2B73C3B133222AB00D40884 /* AbstractModel.m */ = {isa = PBXFileReference; fileEncoding = 4; lastKnownFileType = sourcecode.c.objc; path = AbstractModel.m; sourceTree = "<group>"; };
		B2C9C15013314DB6000BF647 /* RestKit.xcodeproj */ = {isa = PBXFileReference; lastKnownFileType = "wrapper.pb-project"; name = RestKit.xcodeproj; path = RestKit/RestKit.xcodeproj; sourceTree = "<group>"; };
		B2D32FE1132D31E000525D89 /* MapKit.framework */ = {isa = PBXFileReference; lastKnownFileType = wrapper.framework; name = MapKit.framework; path = System/Library/Frameworks/MapKit.framework; sourceTree = SDKROOT; };
		B2D32FE3132D31EB00525D89 /* CoreLocation.framework */ = {isa = PBXFileReference; lastKnownFileType = wrapper.framework; name = CoreLocation.framework; path = System/Library/Frameworks/CoreLocation.framework; sourceTree = SDKROOT; };
		B2D32FF6132E819500525D89 /* EditAddressViewController.h */ = {isa = PBXFileReference; fileEncoding = 4; lastKnownFileType = sourcecode.c.h; path = EditAddressViewController.h; sourceTree = "<group>"; };
		B2D32FF7132E819A00525D89 /* EditAddressViewController.m */ = {isa = PBXFileReference; fileEncoding = 4; lastKnownFileType = sourcecode.c.objc; path = EditAddressViewController.m; sourceTree = "<group>"; };
		B2D32FF8132E81A700525D89 /* EditAddressViewController.xib */ = {isa = PBXFileReference; fileEncoding = 4; lastKnownFileType = file.xib; name = EditAddressViewController.xib; path = Classes/EditAddressViewController.xib; sourceTree = "<group>"; };
		B2D33003132F55E100525D89 /* 13-target.png */ = {isa = PBXFileReference; lastKnownFileType = image.png; path = "13-target.png"; sourceTree = "<group>"; };
		B2D33008132F569900525D89 /* 74-location.png */ = {isa = PBXFileReference; lastKnownFileType = image.png; path = "74-location.png"; sourceTree = "<group>"; };
/* End PBXFileReference section */

/* Begin PBXFrameworksBuildPhase section */
		1D60588F0D05DD3D006BFB54 /* Frameworks */ = {
			isa = PBXFrameworksBuildPhase;
			buildActionMask = 2147483647;
			files = (
				B2B73C3913321BD700D40884 /* QuartzCore.framework in Frameworks */,
				B294CDCE1331505800EABF1C /* libRestKitCoreData.a in Frameworks */,
				B294CDCF1331505800EABF1C /* libRestKitJSONParserYAJL.a in Frameworks */,
				B294CDD01331505800EABF1C /* libRestKitNetwork.a in Frameworks */,
				B294CDD11331505800EABF1C /* libRestKitObjectMapping.a in Frameworks */,
				B294CDD21331505800EABF1C /* libRestKitSupport.a in Frameworks */,
				B29E213812E8583D00835600 /* CFNetwork.framework in Frameworks */,
				28D801B40F44B63D00FB423F /* CoreData.framework in Frameworks */,
				B290454E12FDD3D80090A524 /* MobileCoreServices.framework in Frameworks */,
				B29E213C12E8584800835600 /* SystemConfiguration.framework in Frameworks */,
				B2D32FE4132D31EC00525D89 /* CoreLocation.framework in Frameworks */,
				B2D32FE2132D31E100525D89 /* MapKit.framework in Frameworks */,
				1D60589F0D05DD5A006BFB54 /* Foundation.framework in Frameworks */,
				1DF5F4E00D08C38300B7A737 /* UIKit.framework in Frameworks */,
				288765A50DF7441C002DB57D /* CoreGraphics.framework in Frameworks */,
			);
			runOnlyForDeploymentPostprocessing = 0;
		};
/* End PBXFrameworksBuildPhase section */

/* Begin PBXGroup section */
		080E96DDFE201D6D7F000001 /* Classes */ = {
			isa = PBXGroup;
			children = (
				1D3623240D0F684500981E51 /* MapShopAppDelegate.h */,
				1D3623250D0F684500981E51 /* MapShopAppDelegate.m */,
				B25B37C012E46B2B00F15585 /* AddRegionController.h */,
				B25B37C112E46B2B00F15585 /* AddRegionController.m */,
				B29E0A3A12E7441C00835600 /* ShopDetailedViewController.h */,
				B29E0A3B12E7441C00835600 /* ShopDetailedViewController.m */,
				B29E21B312E8640F00835600 /* ShopPointsViewController.h */,
				B29E21B412E8640F00835600 /* ShopPointsViewController.m */,
				B29E21B812E8643D00835600 /* ShopCategoriesViewController.h */,
				B29E21B912E8643D00835600 /* ShopCategoriesViewController.m */,
				B29E247612E9990300835600 /* AddPointViewController.h */,
				B29E247712E9990300835600 /* AddPointViewController.m */,
				B290481212FF1E210090A524 /* RegionsViewController.h */,
				B290481312FF1E210090A524 /* RegionsViewController.m */,
				B255181213258011008BBECF /* GenericTableViewController.h */,
				B255181313258011008BBECF /* GenericTableViewController.m */,
				B25519BA1325AD45008BBECF /* AreasViewController.h */,
				B25519BB1325AD45008BBECF /* AreasViewController.m */,
				B25519BD1325AD9C008BBECF /* CitiesViewController.h */,
				B25519BE1325AD9C008BBECF /* CitiesViewController.m */,
				B2551AB5132631A7008BBECF /* RegionViewController+Generic.h */,
				B2551AB6132631A7008BBECF /* RegionViewController+Generic.m */,
				B2551D34132672B6008BBECF /* ShopsViewController.h */,
				B2551D35132672B6008BBECF /* ShopsViewController.m */,
				B2551E0113268675008BBECF /* ShopDetailsTabViewController.h */,
				B2551E0213268675008BBECF /* ShopDetailsTabViewController.m */,
				B2987C5F1329862C00338693 /* PointAnnotationDelegate.h */,
				B2987C601329862C00338693 /* PointAnnotationDelegate.m */,
				B2D32FF6132E819500525D89 /* EditAddressViewController.h */,
				B2D32FF7132E819A00525D89 /* EditAddressViewController.m */,
			);
			path = Classes;
			sourceTree = "<group>";
		};
		19C28FACFE9D520D11CA2CBB /* Products */ = {
			isa = PBXGroup;
			children = (
				1D6058910D05DD3D006BFB54 /* MapShop.app */,
			);
			name = Products;
			sourceTree = "<group>";
		};
		29B97314FDCFA39411CA2CEA /* CustomTemplate */ = {
			isa = PBXGroup;
			children = (
				B2B73C181332197500D40884 /* Vendors */,
				B294CDD3133152C200EABF1C /* RestKit.h */,
				B2C9C15013314DB6000BF647 /* RestKit.xcodeproj */,
				B25B37BD12E46ACD00F15585 /* Models */,
				080E96DDFE201D6D7F000001 /* Classes */,
				29B97315FDCFA39411CA2CEA /* Other Sources */,
				29B97317FDCFA39411CA2CEA /* Resources */,
				B29E218912E85AC400835600 /* Resources-iPad */,
				29B97323FDCFA39411CA2CEA /* Frameworks */,
				19C28FACFE9D520D11CA2CBB /* Products */,
				B29E218512E85ABD00835600 /* MapShopIPad-Info.plist */,
			);
			name = CustomTemplate;
			sourceTree = "<group>";
		};
		29B97315FDCFA39411CA2CEA /* Other Sources */ = {
			isa = PBXGroup;
			children = (
				32CA4F630368D1EE00C91783 /* MapShop_Prefix.pch */,
				29B97316FDCFA39411CA2CEA /* main.m */,
			);
			name = "Other Sources";
			sourceTree = "<group>";
		};
		29B97317FDCFA39411CA2CEA /* Resources */ = {
			isa = PBXGroup;
			children = (
				B2D33007132F564000525D89 /* images */,
				B2D33006132F561800525D89 /* nibs */,
				B2D33005132F55E600525D89 /* icons */,
				8D1107310486CEB800E47090 /* MapShop-Info.plist */,
			);
			name = Resources;
			sourceTree = "<group>";
		};
		29B97323FDCFA39411CA2CEA /* Frameworks */ = {
			isa = PBXGroup;
			children = (
				B2B73C3813321BD700D40884 /* QuartzCore.framework */,
				B294CDC91331505800EABF1C /* libRestKitCoreData.a */,
				B294CDCA1331505800EABF1C /* libRestKitJSONParserYAJL.a */,
				B294CDCB1331505800EABF1C /* libRestKitNetwork.a */,
				B294CDCC1331505800EABF1C /* libRestKitObjectMapping.a */,
				B294CDCD1331505800EABF1C /* libRestKitSupport.a */,
				B2D32FE3132D31EB00525D89 /* CoreLocation.framework */,
				B2D32FE1132D31E000525D89 /* MapKit.framework */,
				1DF5F4DF0D08C38300B7A737 /* UIKit.framework */,
				1D30AB110D05D00D00671497 /* Foundation.framework */,
				288765A40DF7441C002DB57D /* CoreGraphics.framework */,
				28D801B30F44B63D00FB423F /* CoreData.framework */,
				B29E213712E8583D00835600 /* CFNetwork.framework */,
				B29E213B12E8584800835600 /* SystemConfiguration.framework */,
				B290454D12FDD3D80090A524 /* MobileCoreServices.framework */,
			);
			name = Frameworks;
			sourceTree = "<group>";
		};
		B25B37BD12E46ACD00F15585 /* Models */ = {
			isa = PBXGroup;
			children = (
				2819305F112F816700ECF9B4 /* MapShop.xcdatamodeld */,
				B2B73C3A133222AA00D40884 /* AbstractModel.h */,
				B2B73C3B133222AB00D40884 /* AbstractModel.m */,
			);
			name = Models;
			sourceTree = "<group>";
		};
		B29E218912E85AC400835600 /* Resources-iPad */ = {
			isa = PBXGroup;
			children = (
			);
			name = "Resources-iPad";
			sourceTree = "<group>";
		};
		B2B73C181332197500D40884 /* Vendors */ = {
			isa = PBXGroup;
			children = (
				B2B73C191332198500D40884 /* EGOTableViewPullRefresh */,
			);
			name = Vendors;
			sourceTree = "<group>";
		};
		B2B73C191332198500D40884 /* EGOTableViewPullRefresh */ = {
			isa = PBXGroup;
			children = (
				B2B73C1A1332198500D40884 /* Classes */,
				B2B73C1E1332198500D40884 /* Resources */,
			);
			name = EGOTableViewPullRefresh;
			path = EgoTableView/EGOTableViewPullRefresh;
			sourceTree = "<group>";
		};
		B2B73C1A1332198500D40884 /* Classes */ = {
			isa = PBXGroup;
			children = (
				B2B73C1B1332198500D40884 /* View */,
			);
			path = Classes;
			sourceTree = "<group>";
		};
		B2B73C1B1332198500D40884 /* View */ = {
			isa = PBXGroup;
			children = (
				B2B73C1C1332198500D40884 /* EGORefreshTableHeaderView.h */,
				B2B73C1D1332198500D40884 /* EGORefreshTableHeaderView.m */,
			);
			path = View;
			sourceTree = "<group>";
		};
		B2B73C1E1332198500D40884 /* Resources */ = {
			isa = PBXGroup;
			children = (
				B2B73C1F1332198500D40884 /* blackArrow.png */,
				B2B73C201332198500D40884 /* blackArrow@2x.png */,
				B2B73C211332198500D40884 /* blueArrow.png */,
				B2B73C221332198500D40884 /* blueArrow@2x.png */,
				B2B73C231332198500D40884 /* grayArrow.png */,
				B2B73C241332198500D40884 /* grayArrow@2x.png */,
				B2B73C251332198500D40884 /* whiteArrow.png */,
				B2B73C261332198500D40884 /* whiteArrow@2x.png */,
			);
			path = Resources;
			sourceTree = "<group>";
		};
		B2C9C15113314DB6000BF647 /* Products */ = {
			isa = PBXGroup;
			children = (
				B2C9C16713314DB7000BF647 /* libRestKitNetwork.a */,
				B2C9C16913314DB7000BF647 /* libRestKitObjectMapping.a */,
				B2C9C16B13314DB7000BF647 /* libRestKitSupport.a */,
				B2C9C16D13314DB7000BF647 /* libRestKitJSONParserYAJL.a */,
				B2C9C16F13314DB7000BF647 /* libRestKitJSONParserSBJSON.a */,
				B2C9C17113314DB7000BF647 /* libRestKitCoreData.a */,
				B2C9C17313314DB7000BF647 /* libRestKitThree20.a */,
				B2C9C17513314DB7000BF647 /* UISpec.app */,
			);
			name = Products;
			sourceTree = "<group>";
		};
		B2D33005132F55E600525D89 /* icons */ = {
			isa = PBXGroup;
			children = (
				B2D33008132F569900525D89 /* 74-location.png */,
				B2551FCD132795C8008BBECF /* 193-location-arrow.png */,
				B2551FCB132795A5008BBECF /* 172-pricetag.png */,
				B2551FC913279593008BBECF /* 168-upload-photo-2.png */,
				B2551FC71327953D008BBECF /* 117-todo.png */,
				B2551FC51327951B008BBECF /* 103-map.png */,
				B2551FC3132794E7008BBECF /* 86-camera.png */,
				B2551FC1132794B8008BBECF /* 71-compass.png */,
				B2551FBF13279440008BBECF /* 07-map-marker.png */,
				B2D33003132F55E100525D89 /* 13-target.png */,
			);
			name = icons;
			sourceTree = "<group>";
		};
		B2D33006132F561800525D89 /* nibs */ = {
			isa = PBXGroup;
			children = (
				B29E247812E9990300835600 /* AddPointViewController.xib */,
				B29E21BA12E8643D00835600 /* ShopCategoriesViewController.xib */,
				B29E21B512E8640F00835600 /* ShopPointsViewController.xib */,
				B29E0A3C12E7441C00835600 /* ShopDetailedViewController.xib */,
				B29E09A612E7246400835600 /* ShopsViewController.xib */,
				B290481412FF1E210090A524 /* RegionsViewController.xib */,
				B2551E0313268675008BBECF /* ShopDetailsTabViewController.xib */,
				B2551F7D132780A9008BBECF /* AddRegionController.xib */,
				B2D32FF8132E81A700525D89 /* EditAddressViewController.xib */,
			);
			name = nibs;
			sourceTree = "<group>";
		};
		B2D33007132F564000525D89 /* images */ = {
			isa = PBXGroup;
			children = (
				B2551E2813268D55008BBECF /* shopThumb.png */,
				B29048C812FF2BA90090A524 /* listbg.png */,
				B29048C912FF2BA90090A524 /* listbg@2x.png */,
				B29047F612FE1E4A0090A524 /* BG.png */,
				B29047F712FE1E4A0090A524 /* BG@2x.png */,
			);
			name = images;
			sourceTree = "<group>";
		};
/* End PBXGroup section */

/* Begin PBXNativeTarget section */
		1D6058900D05DD3D006BFB54 /* MapShop */ = {
			isa = PBXNativeTarget;
			buildConfigurationList = 1D6058960D05DD3E006BFB54 /* Build configuration list for PBXNativeTarget "MapShop" */;
			buildPhases = (
				1D60588D0D05DD3D006BFB54 /* Resources */,
				1D60588E0D05DD3D006BFB54 /* Sources */,
				1D60588F0D05DD3D006BFB54 /* Frameworks */,
			);
			buildRules = (
			);
			dependencies = (
				B294CDC81331504600EABF1C /* PBXTargetDependency */,
			);
			name = MapShop;
			productName = MapShop;
			productReference = 1D6058910D05DD3D006BFB54 /* MapShop.app */;
			productType = "com.apple.product-type.application";
		};
/* End PBXNativeTarget section */

/* Begin PBXProject section */
		29B97313FDCFA39411CA2CEA /* Project object */ = {
			isa = PBXProject;
			buildConfigurationList = C01FCF4E08A954540054247B /* Build configuration list for PBXProject "MapShop" */;
			compatibilityVersion = "Xcode 3.2";
			developmentRegion = English;
			hasScannedForEncodings = 1;
			knownRegions = (
				English,
				Japanese,
				French,
				German,
			);
			mainGroup = 29B97314FDCFA39411CA2CEA /* CustomTemplate */;
			projectDirPath = "";
			projectReferences = (
				{
					ProductGroup = B2C9C15113314DB6000BF647 /* Products */;
					ProjectRef = B2C9C15013314DB6000BF647 /* RestKit.xcodeproj */;
				},
			);
			projectRoot = "";
			targets = (
				1D6058900D05DD3D006BFB54 /* MapShop */,
			);
		};
/* End PBXProject section */

/* Begin PBXReferenceProxy section */
		B2C9C16713314DB7000BF647 /* libRestKitNetwork.a */ = {
			isa = PBXReferenceProxy;
			fileType = archive.ar;
			path = libRestKitNetwork.a;
			remoteRef = B2C9C16613314DB7000BF647 /* PBXContainerItemProxy */;
			sourceTree = BUILT_PRODUCTS_DIR;
		};
		B2C9C16913314DB7000BF647 /* libRestKitObjectMapping.a */ = {
			isa = PBXReferenceProxy;
			fileType = archive.ar;
			path = libRestKitObjectMapping.a;
			remoteRef = B2C9C16813314DB7000BF647 /* PBXContainerItemProxy */;
			sourceTree = BUILT_PRODUCTS_DIR;
		};
		B2C9C16B13314DB7000BF647 /* libRestKitSupport.a */ = {
			isa = PBXReferenceProxy;
			fileType = archive.ar;
			path = libRestKitSupport.a;
			remoteRef = B2C9C16A13314DB7000BF647 /* PBXContainerItemProxy */;
			sourceTree = BUILT_PRODUCTS_DIR;
		};
		B2C9C16D13314DB7000BF647 /* libRestKitJSONParserYAJL.a */ = {
			isa = PBXReferenceProxy;
			fileType = archive.ar;
			path = libRestKitJSONParserYAJL.a;
			remoteRef = B2C9C16C13314DB7000BF647 /* PBXContainerItemProxy */;
			sourceTree = BUILT_PRODUCTS_DIR;
		};
		B2C9C16F13314DB7000BF647 /* libRestKitJSONParserSBJSON.a */ = {
			isa = PBXReferenceProxy;
			fileType = archive.ar;
			path = libRestKitJSONParserSBJSON.a;
			remoteRef = B2C9C16E13314DB7000BF647 /* PBXContainerItemProxy */;
			sourceTree = BUILT_PRODUCTS_DIR;
		};
		B2C9C17113314DB7000BF647 /* libRestKitCoreData.a */ = {
			isa = PBXReferenceProxy;
			fileType = archive.ar;
			path = libRestKitCoreData.a;
			remoteRef = B2C9C17013314DB7000BF647 /* PBXContainerItemProxy */;
			sourceTree = BUILT_PRODUCTS_DIR;
		};
		B2C9C17313314DB7000BF647 /* libRestKitThree20.a */ = {
			isa = PBXReferenceProxy;
			fileType = archive.ar;
			path = libRestKitThree20.a;
			remoteRef = B2C9C17213314DB7000BF647 /* PBXContainerItemProxy */;
			sourceTree = BUILT_PRODUCTS_DIR;
		};
		B2C9C17513314DB7000BF647 /* UISpec.app */ = {
			isa = PBXReferenceProxy;
			fileType = wrapper.application;
			path = UISpec.app;
			remoteRef = B2C9C17413314DB7000BF647 /* PBXContainerItemProxy */;
			sourceTree = BUILT_PRODUCTS_DIR;
		};
/* End PBXReferenceProxy section */

/* Begin PBXResourcesBuildPhase section */
		1D60588D0D05DD3D006BFB54 /* Resources */ = {
			isa = PBXResourcesBuildPhase;
			buildActionMask = 2147483647;
			files = (
				B29E09A812E7246400835600 /* ShopsViewController.xib in Resources */,
				B29E0A3E12E7441C00835600 /* ShopDetailedViewController.xib in Resources */,
				B29E21B712E8640F00835600 /* ShopPointsViewController.xib in Resources */,
				B29E21BC12E8643D00835600 /* ShopCategoriesViewController.xib in Resources */,
				B29E247A12E9990300835600 /* AddPointViewController.xib in Resources */,
				B29047F812FE1E4A0090A524 /* BG.png in Resources */,
				B29047F912FE1E4A0090A524 /* BG@2x.png in Resources */,
				B290481612FF1E210090A524 /* RegionsViewController.xib in Resources */,
				B29048CA12FF2BA90090A524 /* listbg.png in Resources */,
				B29048CB12FF2BA90090A524 /* listbg@2x.png in Resources */,
				B2551E0513268675008BBECF /* ShopDetailsTabViewController.xib in Resources */,
				B2551E2913268D55008BBECF /* shopThumb.png in Resources */,
				B2551F7E132780A9008BBECF /* AddRegionController.xib in Resources */,
				B2551FC013279440008BBECF /* 07-map-marker.png in Resources */,
				B2551FC2132794B8008BBECF /* 71-compass.png in Resources */,
				B2551FC4132794E7008BBECF /* 86-camera.png in Resources */,
				B2551FC61327951B008BBECF /* 103-map.png in Resources */,
				B2551FC81327953D008BBECF /* 117-todo.png in Resources */,
				B2551FCA13279593008BBECF /* 168-upload-photo-2.png in Resources */,
				B2551FCC132795A5008BBECF /* 172-pricetag.png in Resources */,
				B2551FCE132795C8008BBECF /* 193-location-arrow.png in Resources */,
				B2D32FFA132E81BB00525D89 /* EditAddressViewController.xib in Resources */,
				B2D33004132F55E200525D89 /* 13-target.png in Resources */,
				B2D33009132F569900525D89 /* 74-location.png in Resources */,
				B2B73C281332198500D40884 /* blackArrow.png in Resources */,
				B2B73C291332198500D40884 /* blackArrow@2x.png in Resources */,
				B2B73C2A1332198500D40884 /* blueArrow.png in Resources */,
				B2B73C2B1332198500D40884 /* blueArrow@2x.png in Resources */,
				B2B73C2C1332198500D40884 /* grayArrow.png in Resources */,
				B2B73C2D1332198500D40884 /* grayArrow@2x.png in Resources */,
				B2B73C2E1332198500D40884 /* whiteArrow.png in Resources */,
				B2B73C2F1332198500D40884 /* whiteArrow@2x.png in Resources */,
			);
			runOnlyForDeploymentPostprocessing = 0;
		};
/* End PBXResourcesBuildPhase section */

/* Begin PBXSourcesBuildPhase section */
		1D60588E0D05DD3D006BFB54 /* Sources */ = {
			isa = PBXSourcesBuildPhase;
			buildActionMask = 2147483647;
			files = (
				1D60589B0D05DD56006BFB54 /* main.m in Sources */,
				1D3623260D0F684500981E51 /* MapShopAppDelegate.m in Sources */,
				28193060112F816700ECF9B4 /* MapShop.xcdatamodeld in Sources */,
				B25B37C312E46B2B00F15585 /* AddRegionController.m in Sources */,
				B29E0A3D12E7441C00835600 /* ShopDetailedViewController.m in Sources */,
				B29E21B612E8640F00835600 /* ShopPointsViewController.m in Sources */,
				B29E21BB12E8643D00835600 /* ShopCategoriesViewController.m in Sources */,
				B29E247912E9990300835600 /* AddPointViewController.m in Sources */,
				B28355D712EB869C001246FB /* Area.m in Sources */,
				B28355D812EB869C001246FB /* City.m in Sources */,
				B28355D912EB869C001246FB /* Shop.m in Sources */,
				B28355DA12EB869C001246FB /* Category.m in Sources */,
				B28355DB12EB869C001246FB /* SPoint.m in Sources */,
				B28355DC12EB869C001246FB /* Region.m in Sources */,
				B290481512FF1E210090A524 /* RegionsViewController.m in Sources */,
				B255181413258011008BBECF /* GenericTableViewController.m in Sources */,
				B25519BC1325AD45008BBECF /* AreasViewController.m in Sources */,
				B25519BF1325AD9C008BBECF /* CitiesViewController.m in Sources */,
				B2551AB7132631A7008BBECF /* RegionViewController+Generic.m in Sources */,
				B2551D36132672B6008BBECF /* ShopsViewController.m in Sources */,
				B2551E0413268675008BBECF /* ShopDetailsTabViewController.m in Sources */,
				B2987C611329862C00338693 /* PointAnnotationDelegate.m in Sources */,
				B2D32FF9132E81BB00525D89 /* EditAddressViewController.m in Sources */,
				B2B73C271332198500D40884 /* EGORefreshTableHeaderView.m in Sources */,
				B2B73C3C133222AF00D40884 /* AbstractModel.m in Sources */,
			);
			runOnlyForDeploymentPostprocessing = 0;
		};
/* End PBXSourcesBuildPhase section */

/* Begin PBXTargetDependency section */
		B294CDC81331504600EABF1C /* PBXTargetDependency */ = {
			isa = PBXTargetDependency;
			name = RestKit;
			targetProxy = B294CDC71331504600EABF1C /* PBXContainerItemProxy */;
		};
/* End PBXTargetDependency section */

/* Begin XCBuildConfiguration section */
		1D6058940D05DD3E006BFB54 /* Debug */ = {
			isa = XCBuildConfiguration;
			buildSettings = {
				ALWAYS_SEARCH_USER_PATHS = NO;
				CODE_SIGN_IDENTITY = "iPhone Developer";
				COPY_PHASE_STRIP = NO;
				CURRENT_PROJECT_VERSION = 0.3;
				GCC_DYNAMIC_NO_PIC = NO;
				GCC_ENABLE_OBJC_GC = unsupported;
				GCC_OPTIMIZATION_LEVEL = 0;
				GCC_PRECOMPILE_PREFIX_HEADER = YES;
				GCC_PREFIX_HEADER = MapShop_Prefix.pch;
				GCC_TREAT_IMPLICIT_FUNCTION_DECLARATIONS_AS_ERRORS = NO;
				GCC_TREAT_WARNINGS_AS_ERRORS = NO;
				GCC_WARN_ABOUT_MISSING_NEWLINE = NO;
				GCC_WARN_CHECK_SWITCH_STATEMENTS = NO;
				GCC_WARN_EFFECTIVE_CPLUSPLUS_VIOLATIONS = NO;
				GCC_WARN_MISSING_PARENTHESES = NO;
				GCC_WARN_SHADOW = NO;
				GCC_WARN_TYPECHECK_CALLS_TO_PRINTF = YES;
				HEADER_SEARCH_PATHS = "$(SOURCE_ROOT)/RestKit/Build";
				INFOPLIST_FILE = "MapShop-Info.plist";
				LIBRARY_SEARCH_PATHS = (
					"$(SOURCE_ROOT)/RestKit/Build/$(BUILD_STYLE)-$(PLATFORM_NAME)",
					"\"$(SRCROOT)/RestKit/Build/Debug-iphoneos\"",
					"\"$(SRCROOT)\"",
				);
				OTHER_LDFLAGS = (
					"-ObjC",
					"-all_load",
				);
				PRODUCT_NAME = MapShop;
				PROVISIONING_PROFILE = "";
				SDKROOT = iphoneos;
				SYMROOT = "$(SOURCE_ROOT)/Build";
			};
			name = Debug;
		};
		1D6058950D05DD3E006BFB54 /* Release */ = {
			isa = XCBuildConfiguration;
			buildSettings = {
				ALWAYS_SEARCH_USER_PATHS = NO;
				CODE_SIGN_IDENTITY = "iPhone Distribution";
				"CODE_SIGN_IDENTITY[sdk=iphoneos*]" = "iPhone Distribution";
				COPY_PHASE_STRIP = YES;
				CURRENT_PROJECT_VERSION = 0.3;
				GCC_OPTIMIZATION_LEVEL = s;
				GCC_PRECOMPILE_PREFIX_HEADER = YES;
				GCC_PREFIX_HEADER = MapShop_Prefix.pch;
				GCC_TREAT_IMPLICIT_FUNCTION_DECLARATIONS_AS_ERRORS = NO;
				GCC_TREAT_WARNINGS_AS_ERRORS = NO;
				GCC_WARN_CHECK_SWITCH_STATEMENTS = NO;
				GCC_WARN_EFFECTIVE_CPLUSPLUS_VIOLATIONS = NO;
				GCC_WARN_MISSING_PARENTHESES = NO;
				GCC_WARN_SHADOW = NO;
				GCC_WARN_TYPECHECK_CALLS_TO_PRINTF = YES;
				HEADER_SEARCH_PATHS = "$(SOURCE_ROOT)/RestKit/Build";
				INFOPLIST_FILE = "MapShop-Info.plist";
				LIBRARY_SEARCH_PATHS = (
					"$(SOURCE_ROOT)/RestKit/Build/$(BUILD_STYLE)-$(PLATFORM_NAME)",
					"\"$(SRCROOT)/RestKit/Build/Debug-iphoneos\"",
					"\"$(SRCROOT)\"",
				);
				OTHER_LDFLAGS = (
					"-ObjC",
					"-all_load",
				);
				PRODUCT_NAME = MapShop;
				PROVISIONING_PROFILE = "";
				"PROVISIONING_PROFILE[sdk=iphoneos*]" = "";
				SDKROOT = iphoneos;
				SYMROOT = "$(SOURCE_ROOT)/Build";
				VALIDATE_PRODUCT = YES;
			};
			name = Release;
		};
		B2C491E413013CDC00422518 /* Distribution */ = {
			isa = XCBuildConfiguration;
			buildSettings = {
				ARCHS = "$(ARCHS_STANDARD_32_BIT)";
				CODE_SIGN_IDENTITY = "iPhone Distribution";
				"CODE_SIGN_IDENTITY[sdk=iphoneos*]" = "iPhone Distribution";
				GCC_C_LANGUAGE_STANDARD = c99;
				GCC_WARN_ABOUT_RETURN_TYPE = YES;
				GCC_WARN_UNUSED_VARIABLE = YES;
				HEADER_SEARCH_PATHS = "$(SOURCE_ROOT)/RestKit/Build";
				"INFOPLIST_FILE[sdk=*]" = "";
				LIBRARY_SEARCH_PATHS = "$(SOURCE_ROOT)/RestKit/Build/$(BUILD_STYLE)-$(PLATFORM_NAME)";
				OTHER_CFLAGS = "-DNS_BLOCK_ASSERTIONS=1";
				PREBINDING = NO;
				PROVISIONING_PROFILE = "";
				"PROVISIONING_PROFILE[sdk=iphoneos*]" = "";
				SDKROOT = iphoneos;
				SYMROOT = "$(SOURCE_ROOT)/Build";
			};
			name = Distribution;
		};
		B2C491E513013CDC00422518 /* Distribution */ = {
			isa = XCBuildConfiguration;
			buildSettings = {
				ALWAYS_SEARCH_USER_PATHS = NO;
				CODE_SIGN_IDENTITY = "iPhone Distribution";
				"CODE_SIGN_IDENTITY[sdk=iphoneos*]" = "iPhone Distribution";
				COPY_PHASE_STRIP = YES;
				CURRENT_PROJECT_VERSION = 0.3;
				GCC_OPTIMIZATION_LEVEL = s;
				GCC_PRECOMPILE_PREFIX_HEADER = YES;
				GCC_PREFIX_HEADER = MapShop_Prefix.pch;
				GCC_TREAT_IMPLICIT_FUNCTION_DECLARATIONS_AS_ERRORS = NO;
				GCC_TREAT_WARNINGS_AS_ERRORS = NO;
				GCC_WARN_CHECK_SWITCH_STATEMENTS = NO;
				GCC_WARN_EFFECTIVE_CPLUSPLUS_VIOLATIONS = NO;
				GCC_WARN_MISSING_PARENTHESES = NO;
				GCC_WARN_SHADOW = NO;
				GCC_WARN_TYPECHECK_CALLS_TO_PRINTF = YES;
				HEADER_SEARCH_PATHS = "$(SOURCE_ROOT)/RestKit/Build";
				INFOPLIST_FILE = "MapShop-Info.plist";
				LIBRARY_SEARCH_PATHS = (
					"$(SOURCE_ROOT)/RestKit/Build/$(BUILD_STYLE)-$(PLATFORM_NAME)",
					"\"$(SRCROOT)/RestKit/Build/Debug-iphoneos\"",
					"\"$(SRCROOT)\"",
				);
				ONLY_ACTIVE_ARCH = NO;
				OTHER_LDFLAGS = (
					"-ObjC",
					"-all_load",
				);
				PRODUCT_NAME = MapShop;
				PROVISIONING_PROFILE = "";
				"PROVISIONING_PROFILE[sdk=iphoneos*]" = "";
				SDKROOT = iphoneos;
				SYMROOT = "$(SOURCE_ROOT)/Build";
				VALIDATE_PRODUCT = YES;
			};
			name = Distribution;
		};
		C01FCF4F08A954540054247B /* Debug */ = {
			isa = XCBuildConfiguration;
			buildSettings = {
				ARCHS = "$(ARCHS_STANDARD_32_BIT)";
				CODE_SIGN_IDENTITY = "iPhone Developer";
				"CODE_SIGN_IDENTITY[sdk=iphoneos*]" = "iPhone Developer";
				GCC_C_LANGUAGE_STANDARD = c99;
				GCC_WARN_ABOUT_RETURN_TYPE = YES;
				GCC_WARN_UNUSED_VARIABLE = YES;
				HEADER_SEARCH_PATHS = "$(SOURCE_ROOT)/RestKit/Build";
				LIBRARY_SEARCH_PATHS = "$(SOURCE_ROOT)/RestKit/Build/$(BUILD_STYLE)-$(PLATFORM_NAME)";
				PREBINDING = NO;
				PROVISIONING_PROFILE = "";
				SDKROOT = iphoneos;
				SYMROOT = "$(SOURCE_ROOT)/Build";
			};
			name = Debug;
		};
		C01FCF5008A954540054247B /* Release */ = {
			isa = XCBuildConfiguration;
			buildSettings = {
				ARCHS = "$(ARCHS_STANDARD_32_BIT)";
				CODE_SIGN_IDENTITY = "iPhone Distribution";
				"CODE_SIGN_IDENTITY[sdk=iphoneos*]" = "iPhone Distribution";
				GCC_C_LANGUAGE_STANDARD = c99;
				GCC_WARN_ABOUT_RETURN_TYPE = YES;
				GCC_WARN_UNUSED_VARIABLE = YES;
				HEADER_SEARCH_PATHS = "$(SOURCE_ROOT)/RestKit/Build";
				LIBRARY_SEARCH_PATHS = "$(SOURCE_ROOT)/RestKit/Build/$(BUILD_STYLE)-$(PLATFORM_NAME)";
				OTHER_CFLAGS = "-DNS_BLOCK_ASSERTIONS=1";
				PREBINDING = NO;
				PROVISIONING_PROFILE = "";
				"PROVISIONING_PROFILE[sdk=iphoneos*]" = "";
				SDKROOT = iphoneos;
				SYMROOT = "$(SOURCE_ROOT)/Build";
			};
			name = Release;
		};
/* End XCBuildConfiguration section */

/* Begin XCConfigurationList section */
		1D6058960D05DD3E006BFB54 /* Build configuration list for PBXNativeTarget "MapShop" */ = {
			isa = XCConfigurationList;
			buildConfigurations = (
				1D6058940D05DD3E006BFB54 /* Debug */,
				1D6058950D05DD3E006BFB54 /* Release */,
				B2C491E513013CDC00422518 /* Distribution */,
			);
			defaultConfigurationIsVisible = 0;
			defaultConfigurationName = Release;
		};
		C01FCF4E08A954540054247B /* Build configuration list for PBXProject "MapShop" */ = {
			isa = XCConfigurationList;
			buildConfigurations = (
				C01FCF4F08A954540054247B /* Debug */,
				C01FCF5008A954540054247B /* Release */,
				B2C491E413013CDC00422518 /* Distribution */,
			);
			defaultConfigurationIsVisible = 0;
			defaultConfigurationName = Release;
		};
/* End XCConfigurationList section */

/* Begin XCVersionGroup section */
		2819305F112F816700ECF9B4 /* MapShop.xcdatamodeld */ = {
			isa = XCVersionGroup;
			children = (
				28C3AD890F43EF2300507BA6 /* MapShop.xcdatamodel */,
				B28355CB12EB869C001246FB /* Area.h */,
				B28355CC12EB869C001246FB /* Area.m */,
				B28355CD12EB869C001246FB /* City.h */,
				B28355CE12EB869C001246FB /* City.m */,
				B28355CF12EB869C001246FB /* Shop.h */,
				B28355D012EB869C001246FB /* Shop.m */,
				B28355D112EB869C001246FB /* Category.h */,
				B28355D212EB869C001246FB /* Category.m */,
				B28355D312EB869C001246FB /* SPoint.h */,
				B28355D412EB869C001246FB /* SPoint.m */,
				B28355D512EB869C001246FB /* Region.h */,
				B28355D612EB869C001246FB /* Region.m */,
			);
			currentVersion = 28C3AD890F43EF2300507BA6 /* MapShop.xcdatamodel */;
			path = MapShop.xcdatamodeld;
			sourceTree = "<group>";
			versionGroupType = wrapper.xcdatamodel;
		};
/* End XCVersionGroup section */
	};
	rootObject = 29B97313FDCFA39411CA2CEA /* Project object */;
}
